// !$*UTF8*$!
{
	archiveVersion = 1;
	classes = {
	};
	objectVersion = 52;
	objects = {

/* Begin PBXBuildFile section */
		4A009614223592ED00DDC754 /* GradientView.swift in Sources */ = {isa = PBXBuildFile; fileRef = 4A37C1EA219CF2FB0088D3CF /* GradientView.swift */; };
		4A0096162235931F00DDC754 /* Embedded Assets.xcassets in Resources */ = {isa = PBXBuildFile; fileRef = 4A0096152235931F00DDC754 /* Embedded Assets.xcassets */; };
		4A0E564521BC86C90019F6B0 /* CoreLocationExtensions.swift in Sources */ = {isa = PBXBuildFile; fileRef = 4A0E564421BC86C90019F6B0 /* CoreLocationExtensions.swift */; };
		4A113B0A217A986E00B7640E /* AppDelegate.swift in Sources */ = {isa = PBXBuildFile; fileRef = 4A113B09217A986E00B7640E /* AppDelegate.swift */; };
		4A113B0C217A986E00B7640E /* MasterViewController.swift in Sources */ = {isa = PBXBuildFile; fileRef = 4A113B0B217A986E00B7640E /* MasterViewController.swift */; };
		4A113B0E217A986E00B7640E /* DetailViewController.swift in Sources */ = {isa = PBXBuildFile; fileRef = 4A113B0D217A986E00B7640E /* DetailViewController.swift */; };
		4A113B11217A986E00B7640E /* Main.storyboard in Resources */ = {isa = PBXBuildFile; fileRef = 4A113B0F217A986E00B7640E /* Main.storyboard */; };
		4A113B13217A987100B7640E /* Assets.xcassets in Resources */ = {isa = PBXBuildFile; fileRef = 4A113B12217A987100B7640E /* Assets.xcassets */; };
		4A113B16217A987100B7640E /* LaunchScreen.storyboard in Resources */ = {isa = PBXBuildFile; fileRef = 4A113B14217A987100B7640E /* LaunchScreen.storyboard */; };
		4A113B21217A987100B7640E /* YourBCABusTests.swift in Sources */ = {isa = PBXBuildFile; fileRef = 4A113B20217A987100B7640E /* YourBCABusTests.swift */; };
		4A113B2C217A987100B7640E /* YourBCABusUITests.swift in Sources */ = {isa = PBXBuildFile; fileRef = 4A113B2B217A987100B7640E /* YourBCABusUITests.swift */; };
		4A113B3C217A9D2300B7640E /* GradientNavigationBar.swift in Sources */ = {isa = PBXBuildFile; fileRef = 4A113B3B217A9D2300B7640E /* GradientNavigationBar.swift */; };
		4A18A7F021B8B90D00D1042F /* GetOffAlertSettingsViewController.swift in Sources */ = {isa = PBXBuildFile; fileRef = 4A18A7EF21B8B90D00D1042F /* GetOffAlertSettingsViewController.swift */; };
		4A1E96E021B2F64D00FB4038 /* GetOffAlertPromptViewController.swift in Sources */ = {isa = PBXBuildFile; fileRef = 4A1E96DF21B2F64D00FB4038 /* GetOffAlertPromptViewController.swift */; };
		4A1E96E221B2FA5F00FB4038 /* GetOffAlertEventReceiver.swift in Sources */ = {isa = PBXBuildFile; fileRef = 4A1E96E121B2FA5F00FB4038 /* GetOffAlertEventReceiver.swift */; };
		4A2679DF2183B2B1004FC17E /* SettingsViewController.swift in Sources */ = {isa = PBXBuildFile; fileRef = 4A2679DE2183B2B1004FC17E /* SettingsViewController.swift */; };
		4A39FB06217FEFF0008032DE /* SearchResultsViewController.swift in Sources */ = {isa = PBXBuildFile; fileRef = 4A39FB05217FEFF0008032DE /* SearchResultsViewController.swift */; };
		4A39FB0C217FFAF7008032DE /* BusTableViewCell.xib in Resources */ = {isa = PBXBuildFile; fileRef = 4A39FB0B217FFAF7008032DE /* BusTableViewCell.xib */; };
		4A4E4835229355B500B3F90C /* Alerts.swift in Sources */ = {isa = PBXBuildFile; fileRef = 4A4E4834229355B500B3F90C /* Alerts.swift */; };
		4A4E4837229385F800B3F90C /* AlertViewController.swift in Sources */ = {isa = PBXBuildFile; fileRef = 4A4E4836229385F800B3F90C /* AlertViewController.swift */; };
		4A4E48392293875500B3F90C /* alerts-script.js in Resources */ = {isa = PBXBuildFile; fileRef = 4A4E48382293875500B3F90C /* alerts-script.js */; };
		4A5E8A0026A730E300A612AF /* Routes.swift in Sources */ = {isa = PBXBuildFile; fileRef = 4A5E89FF26A730E300A612AF /* Routes.swift */; };
		4A61540D222DD28200AEDBC8 /* BusArrivalNotificationsTableViewController.swift in Sources */ = {isa = PBXBuildFile; fileRef = 4A61540C222DD28200AEDBC8 /* BusArrivalNotificationsTableViewController.swift */; };
		4A642DC026BD9BCC00C0D3BC /* OnboardingView.swift in Sources */ = {isa = PBXBuildFile; fileRef = 4A642DBF26BD9BCC00C0D3BC /* OnboardingView.swift */; };
		4A642DC226BD9EE400C0D3BC /* UndismissableView.swift in Sources */ = {isa = PBXBuildFile; fileRef = 4A642DC126BD9EE400C0D3BC /* UndismissableView.swift */; };
		4A642DC426BDAD1900C0D3BC /* SearchView.swift in Sources */ = {isa = PBXBuildFile; fileRef = 4A642DC326BDAD1900C0D3BC /* SearchView.swift */; };
		4A642DC626BDB09B00C0D3BC /* BusesView.swift in Sources */ = {isa = PBXBuildFile; fileRef = 4A642DC526BDB09B00C0D3BC /* BusesView.swift */; };
		4A642DC826BDB16000C0D3BC /* SettingsView.swift in Sources */ = {isa = PBXBuildFile; fileRef = 4A642DC726BDB16000C0D3BC /* SettingsView.swift */; };
		4A642DCA26BDC1D900C0D3BC /* ReloadControl.swift in Sources */ = {isa = PBXBuildFile; fileRef = 4A642DC926BDC1D900C0D3BC /* ReloadControl.swift */; };
		4A642DCC26BDC68D00C0D3BC /* FooterView.swift in Sources */ = {isa = PBXBuildFile; fileRef = 4A642DCB26BDC68D00C0D3BC /* FooterView.swift */; };
		4A83527F22333DBC008B3EF3 /* BusLocationView.swift in Sources */ = {isa = PBXBuildFile; fileRef = 4A97EC12217EAEDA003C7C60 /* BusLocationView.swift */; };
		4A85DA9D21BF4CB000F84F85 /* RootViewController.swift in Sources */ = {isa = PBXBuildFile; fileRef = 4A85DA9C21BF4CB000F84F85 /* RootViewController.swift */; };
		4A8C032E22261C92004FA580 /* DotView.swift in Sources */ = {isa = PBXBuildFile; fileRef = 4A8C032D22261C92004FA580 /* DotView.swift */; };
		4A8C4B3926B87F76006A93A7 /* App.swift in Sources */ = {isa = PBXBuildFile; fileRef = 4A8C4B3826B87F76006A93A7 /* App.swift */; };
		4A8C4B3D26B88305006A93A7 /* ContentView.swift in Sources */ = {isa = PBXBuildFile; fileRef = 4A8C4B3C26B88305006A93A7 /* ContentView.swift */; };
		4A8C4B3F26B89633006A93A7 /* SchoolsView.swift in Sources */ = {isa = PBXBuildFile; fileRef = 4A8C4B3E26B89633006A93A7 /* SchoolsView.swift */; };
		4A8C4B4226B89B63006A93A7 /* Apollo in Frameworks */ = {isa = PBXBuildFile; productRef = 4A8C4B4126B89B63006A93A7 /* Apollo */; };
		4A8C4B4726B89C9A006A93A7 /* queries.graphql in Resources */ = {isa = PBXBuildFile; fileRef = 4A8C4B4626B89C9A006A93A7 /* queries.graphql */; };
		4A8C4B4926B89D80006A93A7 /* API.swift in Sources */ = {isa = PBXBuildFile; fileRef = 4A8C4B4826B89D80006A93A7 /* API.swift */; };
		4A8C4B4B26B8A07E006A93A7 /* ApolloClient.swift in Sources */ = {isa = PBXBuildFile; fileRef = 4A8C4B4A26B8A07E006A93A7 /* ApolloClient.swift */; };
		4A9526D226BC9338007C58CA /* SchoolsView.storyboard in Resources */ = {isa = PBXBuildFile; fileRef = 4A9526D126BC9338007C58CA /* SchoolsView.storyboard */; };
		4A97EC11217EAE96003C7C60 /* BusTableViewCell.swift in Sources */ = {isa = PBXBuildFile; fileRef = 4A97EC10217EAE96003C7C60 /* BusTableViewCell.swift */; };
		4A9D8B4226C0B4CD0075DC13 /* AlertView.swift in Sources */ = {isa = PBXBuildFile; fileRef = 4A9D8B4126C0B4CD0075DC13 /* AlertView.swift */; };
		4AB0327A22A2FDEC00143805 /* NotificationService.swift in Sources */ = {isa = PBXBuildFile; fileRef = 4AB0327922A2FDEC00143805 /* NotificationService.swift */; };
		4AB0327E22A2FDEC00143805 /* YourBCABus Notification Service.appex in Embed App Extensions */ = {isa = PBXBuildFile; fileRef = 4AB0327722A2FDEC00143805 /* YourBCABus Notification Service.appex */; settings = {ATTRIBUTES = (RemoveHeadersOnCopy, ); }; };
		4ABB8C7E2180C05A00158FD6 /* GoogleService-Info.plist in Resources */ = {isa = PBXBuildFile; fileRef = 4ABB8C7D2180C05A00158FD6 /* GoogleService-Info.plist */; };
		4AC07B44228CFB25002F2537 /* Constants.swift in Sources */ = {isa = PBXBuildFile; fileRef = 4AC07B43228CFB25002F2537 /* Constants.swift */; };
		4AC07B46228D03B9002F2537 /* Embedded Assets.xcassets in Resources */ = {isa = PBXBuildFile; fileRef = 4A0096152235931F00DDC754 /* Embedded Assets.xcassets */; };
		4AC2A9C3219C82DB00A4869A /* NotificationsPromptViewController.swift in Sources */ = {isa = PBXBuildFile; fileRef = 4AC2A9C2219C82DB00A4869A /* NotificationsPromptViewController.swift */; };
		4AC8478621851118001E8698 /* BusStatusTableViewCell.swift in Sources */ = {isa = PBXBuildFile; fileRef = 4AC8478521851117001E8698 /* BusStatusTableViewCell.swift */; };
		4AD3AB102230411100FD58C2 /* YourBCABus_Embedded.h in Headers */ = {isa = PBXBuildFile; fileRef = 4AD3AB0E2230411100FD58C2 /* YourBCABus_Embedded.h */; settings = {ATTRIBUTES = (Public, ); }; };
		4AD3AB132230411100FD58C2 /* YourBCABus_Embedded.framework in Frameworks */ = {isa = PBXBuildFile; fileRef = 4AD3AB0C2230411100FD58C2 /* YourBCABus_Embedded.framework */; };
		4AD3AB142230411100FD58C2 /* YourBCABus_Embedded.framework in Embed Frameworks */ = {isa = PBXBuildFile; fileRef = 4AD3AB0C2230411100FD58C2 /* YourBCABus_Embedded.framework */; settings = {ATTRIBUTES = (CodeSignOnCopy, RemoveHeadersOnCopy, ); }; };
		4AD3AB1A2230414600FD58C2 /* Models.swift in Sources */ = {isa = PBXBuildFile; fileRef = 4A113B3D217AA94A00B7640E /* Models.swift */; };
		4AD3AB1C2230414600FD58C2 /* APIService.swift in Sources */ = {isa = PBXBuildFile; fileRef = 4A113B3F217AAC5B00B7640E /* APIService.swift */; };
		4AD3AB1D2230414600FD58C2 /* CustomStops.swift in Sources */ = {isa = PBXBuildFile; fileRef = 4A0E564A21BC9A110019F6B0 /* CustomStops.swift */; };
		4AD3AB1E2230417300FD58C2 /* BusManager.swift in Sources */ = {isa = PBXBuildFile; fileRef = 4A39FB09217FF18B008032DE /* BusManager.swift */; };
		4AD3AB1F223045B900FD58C2 /* BusStatusColors.swift in Sources */ = {isa = PBXBuildFile; fileRef = 4A8C032B22261A37004FA580 /* BusStatusColors.swift */; };
		4AD958352180AEF800AC7EA9 /* MapKit.framework in Frameworks */ = {isa = PBXBuildFile; fileRef = 4AD958342180AEF800AC7EA9 /* MapKit.framework */; };
		4ADB65A5219118D300C29F34 /* TextFieldTableViewCell.swift in Sources */ = {isa = PBXBuildFile; fileRef = 4ADB65A4219118D300C29F34 /* TextFieldTableViewCell.swift */; };
		4ADEE49D2180CF5200F827FB /* MapViewController.swift in Sources */ = {isa = PBXBuildFile; fileRef = 4ADEE49C2180CF5200F827FB /* MapViewController.swift */; };
		4AE1F4082182962000ACDF76 /* NotificationCenterHelpers.swift in Sources */ = {isa = PBXBuildFile; fileRef = 4AE1F4072182962000ACDF76 /* NotificationCenterHelpers.swift */; };
		4AE7066C218FE4C100A95AC0 /* Navigation.storyboard in Resources */ = {isa = PBXBuildFile; fileRef = 4AE7066B218FE4C100A95AC0 /* Navigation.storyboard */; };
		7C738D456BF364DD8B3E1793 /* Pods_YourBCABusUITests.framework in Frameworks */ = {isa = PBXBuildFile; fileRef = 57FD88CFCCFC2371321989B1 /* Pods_YourBCABusUITests.framework */; };
		BDEF7596E79AB6338CCFAF6F /* Pods_YourBCABusTests.framework in Frameworks */ = {isa = PBXBuildFile; fileRef = 56128607A369641345A3EA52 /* Pods_YourBCABusTests.framework */; };
		E4310F9683A7319F8290BE04 /* Pods_YourBCABus.framework in Frameworks */ = {isa = PBXBuildFile; fileRef = 86A35AB7A4B47B8135C0288F /* Pods_YourBCABus.framework */; };
/* End PBXBuildFile section */

/* Begin PBXContainerItemProxy section */
		4A113B1D217A987100B7640E /* PBXContainerItemProxy */ = {
			isa = PBXContainerItemProxy;
			containerPortal = 4A113AFE217A986E00B7640E /* Project object */;
			proxyType = 1;
			remoteGlobalIDString = 4A113B05217A986E00B7640E;
			remoteInfo = YourBCABus;
		};
		4A113B28217A987100B7640E /* PBXContainerItemProxy */ = {
			isa = PBXContainerItemProxy;
			containerPortal = 4A113AFE217A986E00B7640E /* Project object */;
			proxyType = 1;
			remoteGlobalIDString = 4A113B05217A986E00B7640E;
			remoteInfo = YourBCABus;
		};
		4AB0327C22A2FDEC00143805 /* PBXContainerItemProxy */ = {
			isa = PBXContainerItemProxy;
			containerPortal = 4A113AFE217A986E00B7640E /* Project object */;
			proxyType = 1;
			remoteGlobalIDString = 4AB0327622A2FDEC00143805;
			remoteInfo = "YourBCABus Notification Service";
		};
		4AD3AB112230411100FD58C2 /* PBXContainerItemProxy */ = {
			isa = PBXContainerItemProxy;
			containerPortal = 4A113AFE217A986E00B7640E /* Project object */;
			proxyType = 1;
			remoteGlobalIDString = 4AD3AB0B2230411100FD58C2;
			remoteInfo = "YourBCABus Embedded";
		};
/* End PBXContainerItemProxy section */

/* Begin PBXCopyFilesBuildPhase section */
		4A83527E22333D8C008B3EF3 /* Embed App Extensions */ = {
			isa = PBXCopyFilesBuildPhase;
			buildActionMask = 2147483647;
			dstPath = "";
			dstSubfolderSpec = 13;
			files = (
				4AB0327E22A2FDEC00143805 /* YourBCABus Notification Service.appex in Embed App Extensions */,
			);
			name = "Embed App Extensions";
			runOnlyForDeploymentPostprocessing = 0;
		};
		4AD3AB182230411100FD58C2 /* Embed Frameworks */ = {
			isa = PBXCopyFilesBuildPhase;
			buildActionMask = 2147483647;
			dstPath = "";
			dstSubfolderSpec = 10;
			files = (
				4AD3AB142230411100FD58C2 /* YourBCABus_Embedded.framework in Embed Frameworks */,
			);
			name = "Embed Frameworks";
			runOnlyForDeploymentPostprocessing = 0;
		};
/* End PBXCopyFilesBuildPhase section */

/* Begin PBXFileReference section */
		44ED9BE1A0D8DC87FB08C455 /* Pods-YourBCABusTests.debug.xcconfig */ = {isa = PBXFileReference; includeInIndex = 1; lastKnownFileType = text.xcconfig; name = "Pods-YourBCABusTests.debug.xcconfig"; path = "Pods/Target Support Files/Pods-YourBCABusTests/Pods-YourBCABusTests.debug.xcconfig"; sourceTree = "<group>"; };
		4A0096152235931F00DDC754 /* Embedded Assets.xcassets */ = {isa = PBXFileReference; lastKnownFileType = folder.assetcatalog; path = "Embedded Assets.xcassets"; sourceTree = "<group>"; };
		4A0E564421BC86C90019F6B0 /* CoreLocationExtensions.swift */ = {isa = PBXFileReference; lastKnownFileType = sourcecode.swift; path = CoreLocationExtensions.swift; sourceTree = "<group>"; };
		4A0E564A21BC9A110019F6B0 /* CustomStops.swift */ = {isa = PBXFileReference; lastKnownFileType = sourcecode.swift; path = CustomStops.swift; sourceTree = "<group>"; };
		4A113B06217A986E00B7640E /* YourBCABus.app */ = {isa = PBXFileReference; explicitFileType = wrapper.application; includeInIndex = 0; path = YourBCABus.app; sourceTree = BUILT_PRODUCTS_DIR; };
		4A113B09217A986E00B7640E /* AppDelegate.swift */ = {isa = PBXFileReference; lastKnownFileType = sourcecode.swift; path = AppDelegate.swift; sourceTree = "<group>"; };
		4A113B0B217A986E00B7640E /* MasterViewController.swift */ = {isa = PBXFileReference; lastKnownFileType = sourcecode.swift; path = MasterViewController.swift; sourceTree = "<group>"; };
		4A113B0D217A986E00B7640E /* DetailViewController.swift */ = {isa = PBXFileReference; lastKnownFileType = sourcecode.swift; path = DetailViewController.swift; sourceTree = "<group>"; };
		4A113B10217A986E00B7640E /* Base */ = {isa = PBXFileReference; lastKnownFileType = file.storyboard; name = Base; path = Base.lproj/Main.storyboard; sourceTree = "<group>"; };
		4A113B12217A987100B7640E /* Assets.xcassets */ = {isa = PBXFileReference; lastKnownFileType = folder.assetcatalog; path = Assets.xcassets; sourceTree = "<group>"; };
		4A113B15217A987100B7640E /* Base */ = {isa = PBXFileReference; lastKnownFileType = file.storyboard; name = Base; path = Base.lproj/LaunchScreen.storyboard; sourceTree = "<group>"; };
		4A113B17217A987100B7640E /* Info.plist */ = {isa = PBXFileReference; lastKnownFileType = text.plist.xml; path = Info.plist; sourceTree = "<group>"; };
		4A113B1C217A987100B7640E /* YourBCABusTests.xctest */ = {isa = PBXFileReference; explicitFileType = wrapper.cfbundle; includeInIndex = 0; path = YourBCABusTests.xctest; sourceTree = BUILT_PRODUCTS_DIR; };
		4A113B20217A987100B7640E /* YourBCABusTests.swift */ = {isa = PBXFileReference; lastKnownFileType = sourcecode.swift; path = YourBCABusTests.swift; sourceTree = "<group>"; };
		4A113B22217A987100B7640E /* Info.plist */ = {isa = PBXFileReference; lastKnownFileType = text.plist.xml; path = Info.plist; sourceTree = "<group>"; };
		4A113B27217A987100B7640E /* YourBCABusUITests.xctest */ = {isa = PBXFileReference; explicitFileType = wrapper.cfbundle; includeInIndex = 0; path = YourBCABusUITests.xctest; sourceTree = BUILT_PRODUCTS_DIR; };
		4A113B2B217A987100B7640E /* YourBCABusUITests.swift */ = {isa = PBXFileReference; lastKnownFileType = sourcecode.swift; path = YourBCABusUITests.swift; sourceTree = "<group>"; };
		4A113B2D217A987100B7640E /* Info.plist */ = {isa = PBXFileReference; lastKnownFileType = text.plist.xml; path = Info.plist; sourceTree = "<group>"; };
		4A113B3B217A9D2300B7640E /* GradientNavigationBar.swift */ = {isa = PBXFileReference; lastKnownFileType = sourcecode.swift; path = GradientNavigationBar.swift; sourceTree = "<group>"; };
		4A113B3D217AA94A00B7640E /* Models.swift */ = {isa = PBXFileReference; lastKnownFileType = sourcecode.swift; path = Models.swift; sourceTree = "<group>"; };
		4A113B3F217AAC5B00B7640E /* APIService.swift */ = {isa = PBXFileReference; lastKnownFileType = sourcecode.swift; path = APIService.swift; sourceTree = "<group>"; };
		4A18A7EF21B8B90D00D1042F /* GetOffAlertSettingsViewController.swift */ = {isa = PBXFileReference; lastKnownFileType = sourcecode.swift; path = GetOffAlertSettingsViewController.swift; sourceTree = "<group>"; };
		4A1E96DF21B2F64D00FB4038 /* GetOffAlertPromptViewController.swift */ = {isa = PBXFileReference; lastKnownFileType = sourcecode.swift; path = GetOffAlertPromptViewController.swift; sourceTree = "<group>"; };
		4A1E96E121B2FA5F00FB4038 /* GetOffAlertEventReceiver.swift */ = {isa = PBXFileReference; lastKnownFileType = sourcecode.swift; path = GetOffAlertEventReceiver.swift; sourceTree = "<group>"; };
		4A2679DE2183B2B1004FC17E /* SettingsViewController.swift */ = {isa = PBXFileReference; lastKnownFileType = sourcecode.swift; path = SettingsViewController.swift; sourceTree = "<group>"; };
		4A37C1EA219CF2FB0088D3CF /* GradientView.swift */ = {isa = PBXFileReference; lastKnownFileType = sourcecode.swift; path = GradientView.swift; sourceTree = "<group>"; };
		4A39FB05217FEFF0008032DE /* SearchResultsViewController.swift */ = {isa = PBXFileReference; lastKnownFileType = sourcecode.swift; path = SearchResultsViewController.swift; sourceTree = "<group>"; };
		4A39FB09217FF18B008032DE /* BusManager.swift */ = {isa = PBXFileReference; lastKnownFileType = sourcecode.swift; path = BusManager.swift; sourceTree = "<group>"; };
		4A39FB0B217FFAF7008032DE /* BusTableViewCell.xib */ = {isa = PBXFileReference; lastKnownFileType = file.xib; path = BusTableViewCell.xib; sourceTree = "<group>"; };
		4A4E4834229355B500B3F90C /* Alerts.swift */ = {isa = PBXFileReference; lastKnownFileType = sourcecode.swift; path = Alerts.swift; sourceTree = "<group>"; };
		4A4E4836229385F800B3F90C /* AlertViewController.swift */ = {isa = PBXFileReference; lastKnownFileType = sourcecode.swift; path = AlertViewController.swift; sourceTree = "<group>"; };
		4A4E48382293875500B3F90C /* alerts-script.js */ = {isa = PBXFileReference; lastKnownFileType = sourcecode.javascript; path = "alerts-script.js"; sourceTree = "<group>"; };
		4A5E89FF26A730E300A612AF /* Routes.swift */ = {isa = PBXFileReference; fileEncoding = 4; lastKnownFileType = sourcecode.swift; path = Routes.swift; sourceTree = "<group>"; };
		4A61540C222DD28200AEDBC8 /* BusArrivalNotificationsTableViewController.swift */ = {isa = PBXFileReference; lastKnownFileType = sourcecode.swift; path = BusArrivalNotificationsTableViewController.swift; sourceTree = "<group>"; };
		4A642DBF26BD9BCC00C0D3BC /* OnboardingView.swift */ = {isa = PBXFileReference; lastKnownFileType = sourcecode.swift; path = OnboardingView.swift; sourceTree = "<group>"; };
		4A642DC126BD9EE400C0D3BC /* UndismissableView.swift */ = {isa = PBXFileReference; lastKnownFileType = sourcecode.swift; path = UndismissableView.swift; sourceTree = "<group>"; };
		4A642DC326BDAD1900C0D3BC /* SearchView.swift */ = {isa = PBXFileReference; lastKnownFileType = sourcecode.swift; path = SearchView.swift; sourceTree = "<group>"; };
		4A642DC526BDB09B00C0D3BC /* BusesView.swift */ = {isa = PBXFileReference; lastKnownFileType = sourcecode.swift; path = BusesView.swift; sourceTree = "<group>"; };
		4A642DC726BDB16000C0D3BC /* SettingsView.swift */ = {isa = PBXFileReference; lastKnownFileType = sourcecode.swift; path = SettingsView.swift; sourceTree = "<group>"; };
		4A642DC926BDC1D900C0D3BC /* ReloadControl.swift */ = {isa = PBXFileReference; lastKnownFileType = sourcecode.swift; path = ReloadControl.swift; sourceTree = "<group>"; };
		4A642DCB26BDC68D00C0D3BC /* FooterView.swift */ = {isa = PBXFileReference; lastKnownFileType = sourcecode.swift; path = FooterView.swift; sourceTree = "<group>"; };
		4A83526F22333D8C008B3EF3 /* NotificationCenter.framework */ = {isa = PBXFileReference; lastKnownFileType = wrapper.framework; name = NotificationCenter.framework; path = System/Library/Frameworks/NotificationCenter.framework; sourceTree = SDKROOT; };
		4A85DA9C21BF4CB000F84F85 /* RootViewController.swift */ = {isa = PBXFileReference; lastKnownFileType = sourcecode.swift; path = RootViewController.swift; sourceTree = "<group>"; };
		4A8C032B22261A37004FA580 /* BusStatusColors.swift */ = {isa = PBXFileReference; lastKnownFileType = sourcecode.swift; path = BusStatusColors.swift; sourceTree = "<group>"; };
		4A8C032D22261C92004FA580 /* DotView.swift */ = {isa = PBXFileReference; lastKnownFileType = sourcecode.swift; path = DotView.swift; sourceTree = "<group>"; };
		4A8C4B3826B87F76006A93A7 /* App.swift */ = {isa = PBXFileReference; lastKnownFileType = sourcecode.swift; path = App.swift; sourceTree = "<group>"; };
		4A8C4B3C26B88305006A93A7 /* ContentView.swift */ = {isa = PBXFileReference; lastKnownFileType = sourcecode.swift; path = ContentView.swift; sourceTree = "<group>"; };
		4A8C4B3E26B89633006A93A7 /* SchoolsView.swift */ = {isa = PBXFileReference; lastKnownFileType = sourcecode.swift; path = SchoolsView.swift; sourceTree = "<group>"; };
		4A8C4B4326B89BB2006A93A7 /* schema.json */ = {isa = PBXFileReference; lastKnownFileType = text.json; path = schema.json; sourceTree = "<group>"; };
		4A8C4B4626B89C9A006A93A7 /* queries.graphql */ = {isa = PBXFileReference; lastKnownFileType = text; path = queries.graphql; sourceTree = "<group>"; };
		4A8C4B4826B89D80006A93A7 /* API.swift */ = {isa = PBXFileReference; fileEncoding = 4; lastKnownFileType = sourcecode.swift; path = API.swift; sourceTree = "<group>"; };
		4A8C4B4A26B8A07E006A93A7 /* ApolloClient.swift */ = {isa = PBXFileReference; lastKnownFileType = sourcecode.swift; path = ApolloClient.swift; sourceTree = "<group>"; };
		4A9526D126BC9338007C58CA /* SchoolsView.storyboard */ = {isa = PBXFileReference; lastKnownFileType = file.storyboard; path = SchoolsView.storyboard; sourceTree = "<group>"; };
		4A97EC10217EAE96003C7C60 /* BusTableViewCell.swift */ = {isa = PBXFileReference; lastKnownFileType = sourcecode.swift; path = BusTableViewCell.swift; sourceTree = "<group>"; };
		4A97EC12217EAEDA003C7C60 /* BusLocationView.swift */ = {isa = PBXFileReference; lastKnownFileType = sourcecode.swift; path = BusLocationView.swift; sourceTree = "<group>"; };
		4A9D8B4126C0B4CD0075DC13 /* AlertView.swift */ = {isa = PBXFileReference; lastKnownFileType = sourcecode.swift; path = AlertView.swift; sourceTree = "<group>"; };
		4AB0327722A2FDEC00143805 /* YourBCABus Notification Service.appex */ = {isa = PBXFileReference; explicitFileType = "wrapper.app-extension"; includeInIndex = 0; path = "YourBCABus Notification Service.appex"; sourceTree = BUILT_PRODUCTS_DIR; };
		4AB0327922A2FDEC00143805 /* NotificationService.swift */ = {isa = PBXFileReference; lastKnownFileType = sourcecode.swift; path = NotificationService.swift; sourceTree = "<group>"; };
		4AB0327B22A2FDEC00143805 /* Info.plist */ = {isa = PBXFileReference; lastKnownFileType = text.plist.xml; path = Info.plist; sourceTree = "<group>"; };
		4AB0328222A351CD00143805 /* YourBCABus Notification Service.entitlements */ = {isa = PBXFileReference; lastKnownFileType = text.plist.entitlements; path = "YourBCABus Notification Service.entitlements"; sourceTree = "<group>"; };
		4ABB8C7D2180C05A00158FD6 /* GoogleService-Info.plist */ = {isa = PBXFileReference; fileEncoding = 4; lastKnownFileType = text.plist.xml; path = "GoogleService-Info.plist"; sourceTree = "<group>"; };
		4AC07B43228CFB25002F2537 /* Constants.swift */ = {isa = PBXFileReference; lastKnownFileType = sourcecode.swift; path = Constants.swift; sourceTree = "<group>"; };
		4AC2A9C2219C82DB00A4869A /* NotificationsPromptViewController.swift */ = {isa = PBXFileReference; lastKnownFileType = sourcecode.swift; path = NotificationsPromptViewController.swift; sourceTree = "<group>"; };
		4AC8478521851117001E8698 /* BusStatusTableViewCell.swift */ = {isa = PBXFileReference; lastKnownFileType = sourcecode.swift; path = BusStatusTableViewCell.swift; sourceTree = "<group>"; };
		4AD3AB0C2230411100FD58C2 /* YourBCABus_Embedded.framework */ = {isa = PBXFileReference; explicitFileType = wrapper.framework; includeInIndex = 0; path = YourBCABus_Embedded.framework; sourceTree = BUILT_PRODUCTS_DIR; };
		4AD3AB0E2230411100FD58C2 /* YourBCABus_Embedded.h */ = {isa = PBXFileReference; lastKnownFileType = sourcecode.c.h; path = YourBCABus_Embedded.h; sourceTree = "<group>"; };
		4AD3AB0F2230411100FD58C2 /* lnfo.plist */ = {isa = PBXFileReference; lastKnownFileType = text.plist.xml; path = lnfo.plist; sourceTree = "<group>"; };
		4AD958322180AEEA00AC7EA9 /* YourBCABus.entitlements */ = {isa = PBXFileReference; lastKnownFileType = text.plist.entitlements; path = YourBCABus.entitlements; sourceTree = "<group>"; };
		4AD958342180AEF800AC7EA9 /* MapKit.framework */ = {isa = PBXFileReference; lastKnownFileType = wrapper.framework; name = MapKit.framework; path = System/Library/Frameworks/MapKit.framework; sourceTree = SDKROOT; };
		4ADB65A4219118D300C29F34 /* TextFieldTableViewCell.swift */ = {isa = PBXFileReference; lastKnownFileType = sourcecode.swift; path = TextFieldTableViewCell.swift; sourceTree = "<group>"; };
		4ADEE49C2180CF5200F827FB /* MapViewController.swift */ = {isa = PBXFileReference; lastKnownFileType = sourcecode.swift; path = MapViewController.swift; sourceTree = "<group>"; };
		4AE1F4072182962000ACDF76 /* NotificationCenterHelpers.swift */ = {isa = PBXFileReference; lastKnownFileType = sourcecode.swift; path = NotificationCenterHelpers.swift; sourceTree = "<group>"; };
		4AE7066B218FE4C100A95AC0 /* Navigation.storyboard */ = {isa = PBXFileReference; lastKnownFileType = file.storyboard; path = Navigation.storyboard; sourceTree = "<group>"; };
		4CFBF44AFBEE9A224C81F575 /* Pods-YourBCABusUITests.release.xcconfig */ = {isa = PBXFileReference; includeInIndex = 1; lastKnownFileType = text.xcconfig; name = "Pods-YourBCABusUITests.release.xcconfig"; path = "Pods/Target Support Files/Pods-YourBCABusUITests/Pods-YourBCABusUITests.release.xcconfig"; sourceTree = "<group>"; };
		56128607A369641345A3EA52 /* Pods_YourBCABusTests.framework */ = {isa = PBXFileReference; explicitFileType = wrapper.framework; includeInIndex = 0; path = Pods_YourBCABusTests.framework; sourceTree = BUILT_PRODUCTS_DIR; };
		57FD88CFCCFC2371321989B1 /* Pods_YourBCABusUITests.framework */ = {isa = PBXFileReference; explicitFileType = wrapper.framework; includeInIndex = 0; path = Pods_YourBCABusUITests.framework; sourceTree = BUILT_PRODUCTS_DIR; };
		6B5398EEA0CBDDEF93168D39 /* Pods-YourBCABusUITests.debug.xcconfig */ = {isa = PBXFileReference; includeInIndex = 1; lastKnownFileType = text.xcconfig; name = "Pods-YourBCABusUITests.debug.xcconfig"; path = "Pods/Target Support Files/Pods-YourBCABusUITests/Pods-YourBCABusUITests.debug.xcconfig"; sourceTree = "<group>"; };
		706AE1EA193D8582EF80A1A0 /* Pods-YourBCABus.debug.xcconfig */ = {isa = PBXFileReference; includeInIndex = 1; lastKnownFileType = text.xcconfig; name = "Pods-YourBCABus.debug.xcconfig"; path = "Pods/Target Support Files/Pods-YourBCABus/Pods-YourBCABus.debug.xcconfig"; sourceTree = "<group>"; };
		86A35AB7A4B47B8135C0288F /* Pods_YourBCABus.framework */ = {isa = PBXFileReference; explicitFileType = wrapper.framework; includeInIndex = 0; path = Pods_YourBCABus.framework; sourceTree = BUILT_PRODUCTS_DIR; };
		B0DEAFF2C7F0B2A4D3AD4F0F /* Pods-YourBCABus.release.xcconfig */ = {isa = PBXFileReference; includeInIndex = 1; lastKnownFileType = text.xcconfig; name = "Pods-YourBCABus.release.xcconfig"; path = "Pods/Target Support Files/Pods-YourBCABus/Pods-YourBCABus.release.xcconfig"; sourceTree = "<group>"; };
		B8E7953EA58932F4E7E52919 /* Pods-YourBCABusTests.release.xcconfig */ = {isa = PBXFileReference; includeInIndex = 1; lastKnownFileType = text.xcconfig; name = "Pods-YourBCABusTests.release.xcconfig"; path = "Pods/Target Support Files/Pods-YourBCABusTests/Pods-YourBCABusTests.release.xcconfig"; sourceTree = "<group>"; };
/* End PBXFileReference section */

/* Begin PBXFrameworksBuildPhase section */
		4A113B03217A986E00B7640E /* Frameworks */ = {
			isa = PBXFrameworksBuildPhase;
			buildActionMask = 2147483647;
			files = (
				4AD958352180AEF800AC7EA9 /* MapKit.framework in Frameworks */,
				4A8C4B4226B89B63006A93A7 /* Apollo in Frameworks */,
				4AD3AB132230411100FD58C2 /* YourBCABus_Embedded.framework in Frameworks */,
				E4310F9683A7319F8290BE04 /* Pods_YourBCABus.framework in Frameworks */,
			);
			runOnlyForDeploymentPostprocessing = 0;
		};
		4A113B19217A987100B7640E /* Frameworks */ = {
			isa = PBXFrameworksBuildPhase;
			buildActionMask = 2147483647;
			files = (
				BDEF7596E79AB6338CCFAF6F /* Pods_YourBCABusTests.framework in Frameworks */,
			);
			runOnlyForDeploymentPostprocessing = 0;
		};
		4A113B24217A987100B7640E /* Frameworks */ = {
			isa = PBXFrameworksBuildPhase;
			buildActionMask = 2147483647;
			files = (
				7C738D456BF364DD8B3E1793 /* Pods_YourBCABusUITests.framework in Frameworks */,
			);
			runOnlyForDeploymentPostprocessing = 0;
		};
		4AB0327422A2FDEC00143805 /* Frameworks */ = {
			isa = PBXFrameworksBuildPhase;
			buildActionMask = 2147483647;
			files = (
			);
			runOnlyForDeploymentPostprocessing = 0;
		};
		4AD3AB092230411100FD58C2 /* Frameworks */ = {
			isa = PBXFrameworksBuildPhase;
			buildActionMask = 2147483647;
			files = (
			);
			runOnlyForDeploymentPostprocessing = 0;
		};
/* End PBXFrameworksBuildPhase section */

/* Begin PBXGroup section */
		0F33409A133A340ED16293BE /* Pods */ = {
			isa = PBXGroup;
			children = (
				706AE1EA193D8582EF80A1A0 /* Pods-YourBCABus.debug.xcconfig */,
				B0DEAFF2C7F0B2A4D3AD4F0F /* Pods-YourBCABus.release.xcconfig */,
				44ED9BE1A0D8DC87FB08C455 /* Pods-YourBCABusTests.debug.xcconfig */,
				B8E7953EA58932F4E7E52919 /* Pods-YourBCABusTests.release.xcconfig */,
				6B5398EEA0CBDDEF93168D39 /* Pods-YourBCABusUITests.debug.xcconfig */,
				4CFBF44AFBEE9A224C81F575 /* Pods-YourBCABusUITests.release.xcconfig */,
			);
			name = Pods;
			sourceTree = "<group>";
		};
		4A113AFD217A986E00B7640E = {
			isa = PBXGroup;
			children = (
				4A8C4B4526B89C72006A93A7 /* API */,
				4A113B08217A986E00B7640E /* YourBCABus */,
				4A113B1F217A987100B7640E /* YourBCABusTests */,
				4A113B2A217A987100B7640E /* YourBCABusUITests */,
				4AD3AB0D2230411100FD58C2 /* YourBCABus Embedded */,
				4AB0327822A2FDEC00143805 /* YourBCABus Notification Service */,
				4A113B07217A986E00B7640E /* Products */,
				4AD958332180AEF800AC7EA9 /* Frameworks */,
				0F33409A133A340ED16293BE /* Pods */,
			);
			sourceTree = "<group>";
		};
		4A113B07217A986E00B7640E /* Products */ = {
			isa = PBXGroup;
			children = (
				4A113B06217A986E00B7640E /* YourBCABus.app */,
				4A113B1C217A987100B7640E /* YourBCABusTests.xctest */,
				4A113B27217A987100B7640E /* YourBCABusUITests.xctest */,
				4AD3AB0C2230411100FD58C2 /* YourBCABus_Embedded.framework */,
				4AB0327722A2FDEC00143805 /* YourBCABus Notification Service.appex */,
			);
			name = Products;
			sourceTree = "<group>";
		};
		4A113B08217A986E00B7640E /* YourBCABus */ = {
			isa = PBXGroup;
			children = (
				4A8C4B3826B87F76006A93A7 /* App.swift */,
				4A8C4B4A26B8A07E006A93A7 /* ApolloClient.swift */,
				4A8C4B3B26B882C6006A93A7 /* Views */,
				4AC8477D2185070B001E8698 /* View Controllers */,
				4AC8478221850778001E8698 /* Old Views */,
				4AC8478321850792001E8698 /* Utilities */,
				4A113B09217A986E00B7640E /* AppDelegate.swift */,
				4A39FB09217FF18B008032DE /* BusManager.swift */,
				4A113B0F217A986E00B7640E /* Main.storyboard */,
				4AE7066B218FE4C100A95AC0 /* Navigation.storyboard */,
				4A113B12217A987100B7640E /* Assets.xcassets */,
				4AC84784218507A4001E8698 /* Resources */,
			);
			path = YourBCABus;
			sourceTree = "<group>";
		};
		4A113B1F217A987100B7640E /* YourBCABusTests */ = {
			isa = PBXGroup;
			children = (
				4A113B20217A987100B7640E /* YourBCABusTests.swift */,
				4A113B22217A987100B7640E /* Info.plist */,
			);
			path = YourBCABusTests;
			sourceTree = "<group>";
		};
		4A113B2A217A987100B7640E /* YourBCABusUITests */ = {
			isa = PBXGroup;
			children = (
				4A113B2B217A987100B7640E /* YourBCABusUITests.swift */,
				4A113B2D217A987100B7640E /* Info.plist */,
			);
			path = YourBCABusUITests;
			sourceTree = "<group>";
		};
		4A1E96DE21B2F62600FB4038 /* Get Off Alerts */ = {
			isa = PBXGroup;
			children = (
				4A1E96E121B2FA5F00FB4038 /* GetOffAlertEventReceiver.swift */,
				4A18A7EF21B8B90D00D1042F /* GetOffAlertSettingsViewController.swift */,
				4A1E96DF21B2F64D00FB4038 /* GetOffAlertPromptViewController.swift */,
			);
			name = "Get Off Alerts";
			sourceTree = "<group>";
		};
		4A61540E222DDC4000AEDBC8 /* Settings */ = {
			isa = PBXGroup;
			children = (
				4A2679DE2183B2B1004FC17E /* SettingsViewController.swift */,
				4A61540C222DD28200AEDBC8 /* BusArrivalNotificationsTableViewController.swift */,
			);
			name = Settings;
			sourceTree = "<group>";
		};
		4A8C4B3B26B882C6006A93A7 /* Views */ = {
			isa = PBXGroup;
			children = (
				4A8C4B3C26B88305006A93A7 /* ContentView.swift */,
				4A642DC126BD9EE400C0D3BC /* UndismissableView.swift */,
				4A642DC326BDAD1900C0D3BC /* SearchView.swift */,
				4A642DBF26BD9BCC00C0D3BC /* OnboardingView.swift */,
				4A8C4B3E26B89633006A93A7 /* SchoolsView.swift */,
				4A9526D126BC9338007C58CA /* SchoolsView.storyboard */,
				4A642DC526BDB09B00C0D3BC /* BusesView.swift */,
				4A9D8B4126C0B4CD0075DC13 /* AlertView.swift */,
				4A642DCB26BDC68D00C0D3BC /* FooterView.swift */,
				4A642DC926BDC1D900C0D3BC /* ReloadControl.swift */,
				4A642DC726BDB16000C0D3BC /* SettingsView.swift */,
			);
			path = Views;
			sourceTree = "<group>";
		};
		4A8C4B4526B89C72006A93A7 /* API */ = {
			isa = PBXGroup;
			children = (
				4A8C4B4326B89BB2006A93A7 /* schema.json */,
				4A8C4B4826B89D80006A93A7 /* API.swift */,
				4A8C4B4626B89C9A006A93A7 /* queries.graphql */,
			);
			path = API;
			sourceTree = "<group>";
		};
		4AB0327822A2FDEC00143805 /* YourBCABus Notification Service */ = {
			isa = PBXGroup;
			children = (
				4AB0328222A351CD00143805 /* YourBCABus Notification Service.entitlements */,
				4AB0327922A2FDEC00143805 /* NotificationService.swift */,
				4AB0327B22A2FDEC00143805 /* Info.plist */,
			);
			path = "YourBCABus Notification Service";
			sourceTree = "<group>";
		};
		4AC8477D2185070B001E8698 /* View Controllers */ = {
			isa = PBXGroup;
			children = (
				4AE70670218FE82100A95AC0 /* Master */,
				4AE70671218FE83400A95AC0 /* Navigation */,
				4A61540E222DDC4000AEDBC8 /* Settings */,
				4A113B0D217A986E00B7640E /* DetailViewController.swift */,
				4A85DA9C21BF4CB000F84F85 /* RootViewController.swift */,
				4ADEE49C2180CF5200F827FB /* MapViewController.swift */,
				4A4E4836229385F800B3F90C /* AlertViewController.swift */,
			);
			name = "View Controllers";
			sourceTree = "<group>";
		};
		4AC8478221850778001E8698 /* Old Views */ = {
			isa = PBXGroup;
			children = (
				4A97EC10217EAE96003C7C60 /* BusTableViewCell.swift */,
				4A39FB0B217FFAF7008032DE /* BusTableViewCell.xib */,
				4AC8478521851117001E8698 /* BusStatusTableViewCell.swift */,
				4A113B3B217A9D2300B7640E /* GradientNavigationBar.swift */,
				4ADB65A4219118D300C29F34 /* TextFieldTableViewCell.swift */,
				4A8C032D22261C92004FA580 /* DotView.swift */,
			);
			name = "Old Views";
			sourceTree = "<group>";
		};
		4AC8478321850792001E8698 /* Utilities */ = {
			isa = PBXGroup;
			children = (
				4AE1F4072182962000ACDF76 /* NotificationCenterHelpers.swift */,
				4A0E564421BC86C90019F6B0 /* CoreLocationExtensions.swift */,
			);
			name = Utilities;
			sourceTree = "<group>";
		};
		4AC84784218507A4001E8698 /* Resources */ = {
			isa = PBXGroup;
			children = (
				4A113B14217A987100B7640E /* LaunchScreen.storyboard */,
				4AD958322180AEEA00AC7EA9 /* YourBCABus.entitlements */,
				4A113B17217A987100B7640E /* Info.plist */,
				4ABB8C7D2180C05A00158FD6 /* GoogleService-Info.plist */,
				4A4E48382293875500B3F90C /* alerts-script.js */,
			);
			name = Resources;
			sourceTree = "<group>";
		};
		4AD3AB0D2230411100FD58C2 /* YourBCABus Embedded */ = {
			isa = PBXGroup;
			children = (
				4A97EC12217EAEDA003C7C60 /* BusLocationView.swift */,
				4A37C1EA219CF2FB0088D3CF /* GradientView.swift */,
				4A113B3D217AA94A00B7640E /* Models.swift */,
				4A0E564A21BC9A110019F6B0 /* CustomStops.swift */,
				4A4E4834229355B500B3F90C /* Alerts.swift */,
				4AC07B43228CFB25002F2537 /* Constants.swift */,
				4A5E89FF26A730E300A612AF /* Routes.swift */,
				4A113B3F217AAC5B00B7640E /* APIService.swift */,
				4A8C032B22261A37004FA580 /* BusStatusColors.swift */,
				4AD3AB0E2230411100FD58C2 /* YourBCABus_Embedded.h */,
				4AD3AB0F2230411100FD58C2 /* lnfo.plist */,
				4A0096152235931F00DDC754 /* Embedded Assets.xcassets */,
			);
			path = "YourBCABus Embedded";
			sourceTree = "<group>";
		};
		4AD958332180AEF800AC7EA9 /* Frameworks */ = {
			isa = PBXGroup;
			children = (
				4AD958342180AEF800AC7EA9 /* MapKit.framework */,
				86A35AB7A4B47B8135C0288F /* Pods_YourBCABus.framework */,
				56128607A369641345A3EA52 /* Pods_YourBCABusTests.framework */,
				57FD88CFCCFC2371321989B1 /* Pods_YourBCABusUITests.framework */,
				4A83526F22333D8C008B3EF3 /* NotificationCenter.framework */,
			);
			name = Frameworks;
			sourceTree = "<group>";
		};
		4AE70670218FE82100A95AC0 /* Master */ = {
			isa = PBXGroup;
			children = (
				4A113B0B217A986E00B7640E /* MasterViewController.swift */,
				4A39FB05217FEFF0008032DE /* SearchResultsViewController.swift */,
				4AC2A9C2219C82DB00A4869A /* NotificationsPromptViewController.swift */,
			);
			name = Master;
			sourceTree = "<group>";
		};
		4AE70671218FE83400A95AC0 /* Navigation */ = {
			isa = PBXGroup;
			children = (
				4A1E96DE21B2F62600FB4038 /* Get Off Alerts */,
			);
			name = Navigation;
			sourceTree = "<group>";
		};
/* End PBXGroup section */

/* Begin PBXHeadersBuildPhase section */
		4AD3AB072230411100FD58C2 /* Headers */ = {
			isa = PBXHeadersBuildPhase;
			buildActionMask = 2147483647;
			files = (
				4AD3AB102230411100FD58C2 /* YourBCABus_Embedded.h in Headers */,
			);
			runOnlyForDeploymentPostprocessing = 0;
		};
/* End PBXHeadersBuildPhase section */

/* Begin PBXNativeTarget section */
		4A113B05217A986E00B7640E /* YourBCABus */ = {
			isa = PBXNativeTarget;
			buildConfigurationList = 4A113B30217A987100B7640E /* Build configuration list for PBXNativeTarget "YourBCABus" */;
			buildPhases = (
				4A8C4B4426B89C27006A93A7 /* Apollo CLI */,
				A1C23881E5D629D0FC54B7C6 /* [CP] Check Pods Manifest.lock */,
				4A113B02217A986E00B7640E /* Sources */,
				4A113B03217A986E00B7640E /* Frameworks */,
				4A113B04217A986E00B7640E /* Resources */,
				6C18B3431541F9DD8AEB17AA /* [CP] Embed Pods Frameworks */,
				4AD3AB182230411100FD58C2 /* Embed Frameworks */,
				4A83527E22333D8C008B3EF3 /* Embed App Extensions */,
			);
			buildRules = (
			);
			dependencies = (
				4AD3AB122230411100FD58C2 /* PBXTargetDependency */,
				4AB0327D22A2FDEC00143805 /* PBXTargetDependency */,
			);
			name = YourBCABus;
			packageProductDependencies = (
				4A8C4B4126B89B63006A93A7 /* Apollo */,
			);
			productName = YourBCABus;
			productReference = 4A113B06217A986E00B7640E /* YourBCABus.app */;
			productType = "com.apple.product-type.application";
		};
		4A113B1B217A987100B7640E /* YourBCABusTests */ = {
			isa = PBXNativeTarget;
			buildConfigurationList = 4A113B33217A987100B7640E /* Build configuration list for PBXNativeTarget "YourBCABusTests" */;
			buildPhases = (
				301BACC9A9BF852489C9698C /* [CP] Check Pods Manifest.lock */,
				4A113B18217A987100B7640E /* Sources */,
				4A113B19217A987100B7640E /* Frameworks */,
				4A113B1A217A987100B7640E /* Resources */,
			);
			buildRules = (
			);
			dependencies = (
				4A113B1E217A987100B7640E /* PBXTargetDependency */,
			);
			name = YourBCABusTests;
			productName = YourBCABusTests;
			productReference = 4A113B1C217A987100B7640E /* YourBCABusTests.xctest */;
			productType = "com.apple.product-type.bundle.unit-test";
		};
		4A113B26217A987100B7640E /* YourBCABusUITests */ = {
			isa = PBXNativeTarget;
			buildConfigurationList = 4A113B36217A987100B7640E /* Build configuration list for PBXNativeTarget "YourBCABusUITests" */;
			buildPhases = (
				C3B176468ACE2F7D63C5E23E /* [CP] Check Pods Manifest.lock */,
				4A113B23217A987100B7640E /* Sources */,
				4A113B24217A987100B7640E /* Frameworks */,
				4A113B25217A987100B7640E /* Resources */,
			);
			buildRules = (
			);
			dependencies = (
				4A113B29217A987100B7640E /* PBXTargetDependency */,
			);
			name = YourBCABusUITests;
			productName = YourBCABusUITests;
			productReference = 4A113B27217A987100B7640E /* YourBCABusUITests.xctest */;
			productType = "com.apple.product-type.bundle.ui-testing";
		};
		4AB0327622A2FDEC00143805 /* YourBCABus Notification Service */ = {
			isa = PBXNativeTarget;
			buildConfigurationList = 4AB0328122A2FDEC00143805 /* Build configuration list for PBXNativeTarget "YourBCABus Notification Service" */;
			buildPhases = (
				4AB0327322A2FDEC00143805 /* Sources */,
				4AB0327422A2FDEC00143805 /* Frameworks */,
				4AB0327522A2FDEC00143805 /* Resources */,
			);
			buildRules = (
			);
			dependencies = (
			);
			name = "YourBCABus Notification Service";
			productName = "YourBCABus Notification Service";
			productReference = 4AB0327722A2FDEC00143805 /* YourBCABus Notification Service.appex */;
			productType = "com.apple.product-type.app-extension";
		};
		4AD3AB0B2230411100FD58C2 /* YourBCABus Embedded */ = {
			isa = PBXNativeTarget;
			buildConfigurationList = 4AD3AB152230411100FD58C2 /* Build configuration list for PBXNativeTarget "YourBCABus Embedded" */;
			buildPhases = (
				4AD3AB072230411100FD58C2 /* Headers */,
				4AD3AB082230411100FD58C2 /* Sources */,
				4AD3AB092230411100FD58C2 /* Frameworks */,
				4AD3AB0A2230411100FD58C2 /* Resources */,
			);
			buildRules = (
			);
			dependencies = (
			);
			name = "YourBCABus Embedded";
			productName = "YourBCABus Embedded";
			productReference = 4AD3AB0C2230411100FD58C2 /* YourBCABus_Embedded.framework */;
			productType = "com.apple.product-type.framework";
		};
/* End PBXNativeTarget section */

/* Begin PBXProject section */
		4A113AFE217A986E00B7640E /* Project object */ = {
			isa = PBXProject;
			attributes = {
				LastSwiftUpdateCheck = 1020;
				LastUpgradeCheck = 1000;
				ORGANIZATIONNAME = YourBCABus;
				TargetAttributes = {
					4A113B05217A986E00B7640E = {
						CreatedOnToolsVersion = 10.0;
						LastSwiftMigration = 1020;
						SystemCapabilities = {
							com.apple.ApplicationGroups.iOS = {
								enabled = 1;
							};
							com.apple.BackgroundModes = {
								enabled = 1;
							};
							com.apple.Maps.iOS = {
								enabled = 1;
							};
							com.apple.Push = {
								enabled = 1;
							};
						};
					};
					4A113B1B217A987100B7640E = {
						CreatedOnToolsVersion = 10.0;
						TestTargetID = 4A113B05217A986E00B7640E;
					};
					4A113B26217A987100B7640E = {
						CreatedOnToolsVersion = 10.0;
						TestTargetID = 4A113B05217A986E00B7640E;
					};
					4AB0327622A2FDEC00143805 = {
						CreatedOnToolsVersion = 10.2.1;
						SystemCapabilities = {
							com.apple.ApplicationGroups.iOS = {
								enabled = 1;
							};
						};
					};
					4AD3AB0B2230411100FD58C2 = {
						CreatedOnToolsVersion = 10.1;
						LastSwiftMigration = 1020;
					};
				};
			};
			buildConfigurationList = 4A113B01217A986E00B7640E /* Build configuration list for PBXProject "YourBCABus" */;
			compatibilityVersion = "Xcode 9.3";
			developmentRegion = en;
			hasScannedForEncodings = 0;
			knownRegions = (
				en,
				Base,
			);
			mainGroup = 4A113AFD217A986E00B7640E;
			packageReferences = (
				4A8C4B4026B89B63006A93A7 /* XCRemoteSwiftPackageReference "apollo-ios" */,
			);
			productRefGroup = 4A113B07217A986E00B7640E /* Products */;
			projectDirPath = "";
			projectRoot = "";
			targets = (
				4A113B05217A986E00B7640E /* YourBCABus */,
				4A113B1B217A987100B7640E /* YourBCABusTests */,
				4A113B26217A987100B7640E /* YourBCABusUITests */,
				4AD3AB0B2230411100FD58C2 /* YourBCABus Embedded */,
				4AB0327622A2FDEC00143805 /* YourBCABus Notification Service */,
			);
		};
/* End PBXProject section */

/* Begin PBXResourcesBuildPhase section */
		4A113B04217A986E00B7640E /* Resources */ = {
			isa = PBXResourcesBuildPhase;
			buildActionMask = 2147483647;
			files = (
				4AE7066C218FE4C100A95AC0 /* Navigation.storyboard in Resources */,
				4A9526D226BC9338007C58CA /* SchoolsView.storyboard in Resources */,
				4AC07B46228D03B9002F2537 /* Embedded Assets.xcassets in Resources */,
				4A113B16217A987100B7640E /* LaunchScreen.storyboard in Resources */,
				4A113B13217A987100B7640E /* Assets.xcassets in Resources */,
				4A8C4B4726B89C9A006A93A7 /* queries.graphql in Resources */,
				4ABB8C7E2180C05A00158FD6 /* GoogleService-Info.plist in Resources */,
				4A4E48392293875500B3F90C /* alerts-script.js in Resources */,
				4A39FB0C217FFAF7008032DE /* BusTableViewCell.xib in Resources */,
				4A113B11217A986E00B7640E /* Main.storyboard in Resources */,
			);
			runOnlyForDeploymentPostprocessing = 0;
		};
		4A113B1A217A987100B7640E /* Resources */ = {
			isa = PBXResourcesBuildPhase;
			buildActionMask = 2147483647;
			files = (
			);
			runOnlyForDeploymentPostprocessing = 0;
		};
		4A113B25217A987100B7640E /* Resources */ = {
			isa = PBXResourcesBuildPhase;
			buildActionMask = 2147483647;
			files = (
			);
			runOnlyForDeploymentPostprocessing = 0;
		};
		4AB0327522A2FDEC00143805 /* Resources */ = {
			isa = PBXResourcesBuildPhase;
			buildActionMask = 2147483647;
			files = (
			);
			runOnlyForDeploymentPostprocessing = 0;
		};
		4AD3AB0A2230411100FD58C2 /* Resources */ = {
			isa = PBXResourcesBuildPhase;
			buildActionMask = 2147483647;
			files = (
				4A0096162235931F00DDC754 /* Embedded Assets.xcassets in Resources */,
			);
			runOnlyForDeploymentPostprocessing = 0;
		};
/* End PBXResourcesBuildPhase section */

/* Begin PBXShellScriptBuildPhase section */
		301BACC9A9BF852489C9698C /* [CP] Check Pods Manifest.lock */ = {
			isa = PBXShellScriptBuildPhase;
			buildActionMask = 2147483647;
			files = (
			);
			inputFileListPaths = (
			);
			inputPaths = (
				"${PODS_PODFILE_DIR_PATH}/Podfile.lock",
				"${PODS_ROOT}/Manifest.lock",
			);
			name = "[CP] Check Pods Manifest.lock";
			outputFileListPaths = (
			);
			outputPaths = (
				"$(DERIVED_FILE_DIR)/Pods-YourBCABusTests-checkManifestLockResult.txt",
			);
			runOnlyForDeploymentPostprocessing = 0;
			shellPath = /bin/sh;
			shellScript = "diff \"${PODS_PODFILE_DIR_PATH}/Podfile.lock\" \"${PODS_ROOT}/Manifest.lock\" > /dev/null\nif [ $? != 0 ] ; then\n    # print error to STDERR\n    echo \"error: The sandbox is not in sync with the Podfile.lock. Run 'pod install' or update your CocoaPods installation.\" >&2\n    exit 1\nfi\n# This output is used by Xcode 'outputs' to avoid re-running this script phase.\necho \"SUCCESS\" > \"${SCRIPT_OUTPUT_FILE_0}\"\n";
			showEnvVarsInLog = 0;
		};
		4A8C4B4426B89C27006A93A7 /* Apollo CLI */ = {
			isa = PBXShellScriptBuildPhase;
			buildActionMask = 2147483647;
			files = (
			);
			inputFileListPaths = (
			);
			inputPaths = (
				"$(SRCROOT)/**/*.graphql",
			);
			name = "Apollo CLI";
			outputFileListPaths = (
			);
			outputPaths = (
			);
			runOnlyForDeploymentPostprocessing = 0;
			shellPath = /bin/sh;
			shellScript = "# Go to the build root and search up the chain to find the Derived Data Path where the source packages are checked out.\nDERIVED_DATA_CANDIDATE=\"${BUILD_ROOT}\"\n\nwhile ! [ -d \"${DERIVED_DATA_CANDIDATE}/SourcePackages\" ]; do\n  if [ \"${DERIVED_DATA_CANDIDATE}\" = / ]; then\n    echo >&2 \"error: Unable to locate SourcePackages directory from BUILD_ROOT: '${BUILD_ROOT}'\"\n    exit 1\n  fi\n\n  DERIVED_DATA_CANDIDATE=\"$(dirname \"${DERIVED_DATA_CANDIDATE}\")\"\ndone\n\n# Grab a reference to the directory where scripts are checked out\nSCRIPT_PATH=\"${DERIVED_DATA_CANDIDATE}/SourcePackages/checkouts/apollo-ios/scripts\"\n\nif [ -z \"${SCRIPT_PATH}\" ]; then\n    echo >&2 \"error: Couldn't find the CLI script in your checked out SPM packages; make sure to add the framework to your project.\"\n    exit 1\nfi\n\ncd \"${SRCROOT}/API\"\n\"${SCRIPT_PATH}\"/run-bundled-codegen.sh codegen:generate --target=swift --includes=./**/*.graphql --localSchemaFile=\"schema.json\" API.swift\n";
		};
		6C18B3431541F9DD8AEB17AA /* [CP] Embed Pods Frameworks */ = {
			isa = PBXShellScriptBuildPhase;
			buildActionMask = 2147483647;
			files = (
			);
			inputFileListPaths = (
				"${PODS_ROOT}/Target Support Files/Pods-YourBCABus/Pods-YourBCABus-frameworks-${CONFIGURATION}-input-files.xcfilelist",
			);
			name = "[CP] Embed Pods Frameworks";
			outputFileListPaths = (
				"${PODS_ROOT}/Target Support Files/Pods-YourBCABus/Pods-YourBCABus-frameworks-${CONFIGURATION}-output-files.xcfilelist",
			);
			runOnlyForDeploymentPostprocessing = 0;
			shellPath = /bin/sh;
			shellScript = "\"${PODS_ROOT}/Target Support Files/Pods-YourBCABus/Pods-YourBCABus-frameworks.sh\"\n";
			showEnvVarsInLog = 0;
		};
		A1C23881E5D629D0FC54B7C6 /* [CP] Check Pods Manifest.lock */ = {
			isa = PBXShellScriptBuildPhase;
			buildActionMask = 2147483647;
			files = (
			);
			inputFileListPaths = (
			);
			inputPaths = (
				"${PODS_PODFILE_DIR_PATH}/Podfile.lock",
				"${PODS_ROOT}/Manifest.lock",
			);
			name = "[CP] Check Pods Manifest.lock";
			outputFileListPaths = (
			);
			outputPaths = (
				"$(DERIVED_FILE_DIR)/Pods-YourBCABus-checkManifestLockResult.txt",
			);
			runOnlyForDeploymentPostprocessing = 0;
			shellPath = /bin/sh;
			shellScript = "diff \"${PODS_PODFILE_DIR_PATH}/Podfile.lock\" \"${PODS_ROOT}/Manifest.lock\" > /dev/null\nif [ $? != 0 ] ; then\n    # print error to STDERR\n    echo \"error: The sandbox is not in sync with the Podfile.lock. Run 'pod install' or update your CocoaPods installation.\" >&2\n    exit 1\nfi\n# This output is used by Xcode 'outputs' to avoid re-running this script phase.\necho \"SUCCESS\" > \"${SCRIPT_OUTPUT_FILE_0}\"\n";
			showEnvVarsInLog = 0;
		};
		C3B176468ACE2F7D63C5E23E /* [CP] Check Pods Manifest.lock */ = {
			isa = PBXShellScriptBuildPhase;
			buildActionMask = 2147483647;
			files = (
			);
			inputFileListPaths = (
			);
			inputPaths = (
				"${PODS_PODFILE_DIR_PATH}/Podfile.lock",
				"${PODS_ROOT}/Manifest.lock",
			);
			name = "[CP] Check Pods Manifest.lock";
			outputFileListPaths = (
			);
			outputPaths = (
				"$(DERIVED_FILE_DIR)/Pods-YourBCABusUITests-checkManifestLockResult.txt",
			);
			runOnlyForDeploymentPostprocessing = 0;
			shellPath = /bin/sh;
			shellScript = "diff \"${PODS_PODFILE_DIR_PATH}/Podfile.lock\" \"${PODS_ROOT}/Manifest.lock\" > /dev/null\nif [ $? != 0 ] ; then\n    # print error to STDERR\n    echo \"error: The sandbox is not in sync with the Podfile.lock. Run 'pod install' or update your CocoaPods installation.\" >&2\n    exit 1\nfi\n# This output is used by Xcode 'outputs' to avoid re-running this script phase.\necho \"SUCCESS\" > \"${SCRIPT_OUTPUT_FILE_0}\"\n";
			showEnvVarsInLog = 0;
		};
/* End PBXShellScriptBuildPhase section */

/* Begin PBXSourcesBuildPhase section */
		4A113B02217A986E00B7640E /* Sources */ = {
			isa = PBXSourcesBuildPhase;
			buildActionMask = 2147483647;
			files = (
				4A8C032E22261C92004FA580 /* DotView.swift in Sources */,
				4ADEE49D2180CF5200F827FB /* MapViewController.swift in Sources */,
				4A97EC11217EAE96003C7C60 /* BusTableViewCell.swift in Sources */,
				4A642DC426BDAD1900C0D3BC /* SearchView.swift in Sources */,
				4A113B0E217A986E00B7640E /* DetailViewController.swift in Sources */,
				4A61540D222DD28200AEDBC8 /* BusArrivalNotificationsTableViewController.swift in Sources */,
				4A642DCC26BDC68D00C0D3BC /* FooterView.swift in Sources */,
				4A642DCA26BDC1D900C0D3BC /* ReloadControl.swift in Sources */,
				4AC2A9C3219C82DB00A4869A /* NotificationsPromptViewController.swift in Sources */,
				4A113B3C217A9D2300B7640E /* GradientNavigationBar.swift in Sources */,
				4A8C4B4B26B8A07E006A93A7 /* ApolloClient.swift in Sources */,
				4A642DC226BD9EE400C0D3BC /* UndismissableView.swift in Sources */,
				4AE1F4082182962000ACDF76 /* NotificationCenterHelpers.swift in Sources */,
				4A1E96E021B2F64D00FB4038 /* GetOffAlertPromptViewController.swift in Sources */,
				4A18A7F021B8B90D00D1042F /* GetOffAlertSettingsViewController.swift in Sources */,
				4A85DA9D21BF4CB000F84F85 /* RootViewController.swift in Sources */,
				4A642DC026BD9BCC00C0D3BC /* OnboardingView.swift in Sources */,
				4AC8478621851118001E8698 /* BusStatusTableViewCell.swift in Sources */,
				4A0E564521BC86C90019F6B0 /* CoreLocationExtensions.swift in Sources */,
				4A8C4B3926B87F76006A93A7 /* App.swift in Sources */,
				4A113B0C217A986E00B7640E /* MasterViewController.swift in Sources */,
				4A113B0A217A986E00B7640E /* AppDelegate.swift in Sources */,
				4A1E96E221B2FA5F00FB4038 /* GetOffAlertEventReceiver.swift in Sources */,
				4A8C4B3D26B88305006A93A7 /* ContentView.swift in Sources */,
				4A8C4B3F26B89633006A93A7 /* SchoolsView.swift in Sources */,
				4A8C4B4926B89D80006A93A7 /* API.swift in Sources */,
				4AD3AB1E2230417300FD58C2 /* BusManager.swift in Sources */,
				4A642DC626BDB09B00C0D3BC /* BusesView.swift in Sources */,
				4A2679DF2183B2B1004FC17E /* SettingsViewController.swift in Sources */,
				4A39FB06217FEFF0008032DE /* SearchResultsViewController.swift in Sources */,
				4ADB65A5219118D300C29F34 /* TextFieldTableViewCell.swift in Sources */,
				4A642DC826BDB16000C0D3BC /* SettingsView.swift in Sources */,
				4A4E4837229385F800B3F90C /* AlertViewController.swift in Sources */,
				4A9D8B4226C0B4CD0075DC13 /* AlertView.swift in Sources */,
			);
			runOnlyForDeploymentPostprocessing = 0;
		};
		4A113B18217A987100B7640E /* Sources */ = {
			isa = PBXSourcesBuildPhase;
			buildActionMask = 2147483647;
			files = (
				4A113B21217A987100B7640E /* YourBCABusTests.swift in Sources */,
			);
			runOnlyForDeploymentPostprocessing = 0;
		};
		4A113B23217A987100B7640E /* Sources */ = {
			isa = PBXSourcesBuildPhase;
			buildActionMask = 2147483647;
			files = (
				4A113B2C217A987100B7640E /* YourBCABusUITests.swift in Sources */,
			);
			runOnlyForDeploymentPostprocessing = 0;
		};
		4AB0327322A2FDEC00143805 /* Sources */ = {
			isa = PBXSourcesBuildPhase;
			buildActionMask = 2147483647;
			files = (
				4AB0327A22A2FDEC00143805 /* NotificationService.swift in Sources */,
			);
			runOnlyForDeploymentPostprocessing = 0;
		};
		4AD3AB082230411100FD58C2 /* Sources */ = {
			isa = PBXSourcesBuildPhase;
			buildActionMask = 2147483647;
			files = (
				4AD3AB1F223045B900FD58C2 /* BusStatusColors.swift in Sources */,
				4A83527F22333DBC008B3EF3 /* BusLocationView.swift in Sources */,
				4AD3AB1A2230414600FD58C2 /* Models.swift in Sources */,
				4AD3AB1C2230414600FD58C2 /* APIService.swift in Sources */,
				4A5E8A0026A730E300A612AF /* Routes.swift in Sources */,
				4A4E4835229355B500B3F90C /* Alerts.swift in Sources */,
				4AD3AB1D2230414600FD58C2 /* CustomStops.swift in Sources */,
				4A009614223592ED00DDC754 /* GradientView.swift in Sources */,
				4AC07B44228CFB25002F2537 /* Constants.swift in Sources */,
			);
			runOnlyForDeploymentPostprocessing = 0;
		};
/* End PBXSourcesBuildPhase section */

/* Begin PBXTargetDependency section */
		4A113B1E217A987100B7640E /* PBXTargetDependency */ = {
			isa = PBXTargetDependency;
			target = 4A113B05217A986E00B7640E /* YourBCABus */;
			targetProxy = 4A113B1D217A987100B7640E /* PBXContainerItemProxy */;
		};
		4A113B29217A987100B7640E /* PBXTargetDependency */ = {
			isa = PBXTargetDependency;
			target = 4A113B05217A986E00B7640E /* YourBCABus */;
			targetProxy = 4A113B28217A987100B7640E /* PBXContainerItemProxy */;
		};
		4AB0327D22A2FDEC00143805 /* PBXTargetDependency */ = {
			isa = PBXTargetDependency;
			target = 4AB0327622A2FDEC00143805 /* YourBCABus Notification Service */;
			targetProxy = 4AB0327C22A2FDEC00143805 /* PBXContainerItemProxy */;
		};
		4AD3AB122230411100FD58C2 /* PBXTargetDependency */ = {
			isa = PBXTargetDependency;
			target = 4AD3AB0B2230411100FD58C2 /* YourBCABus Embedded */;
			targetProxy = 4AD3AB112230411100FD58C2 /* PBXContainerItemProxy */;
		};
/* End PBXTargetDependency section */

/* Begin PBXVariantGroup section */
		4A113B0F217A986E00B7640E /* Main.storyboard */ = {
			isa = PBXVariantGroup;
			children = (
				4A113B10217A986E00B7640E /* Base */,
			);
			name = Main.storyboard;
			sourceTree = "<group>";
		};
		4A113B14217A987100B7640E /* LaunchScreen.storyboard */ = {
			isa = PBXVariantGroup;
			children = (
				4A113B15217A987100B7640E /* Base */,
			);
			name = LaunchScreen.storyboard;
			sourceTree = "<group>";
		};
/* End PBXVariantGroup section */

/* Begin XCBuildConfiguration section */
		4A113B2E217A987100B7640E /* Debug */ = {
			isa = XCBuildConfiguration;
			buildSettings = {
				ALWAYS_SEARCH_USER_PATHS = NO;
				CLANG_ANALYZER_NONNULL = YES;
				CLANG_ANALYZER_NUMBER_OBJECT_CONVERSION = YES_AGGRESSIVE;
				CLANG_CXX_LANGUAGE_STANDARD = "gnu++14";
				CLANG_CXX_LIBRARY = "libc++";
				CLANG_ENABLE_MODULES = YES;
				CLANG_ENABLE_OBJC_ARC = YES;
				CLANG_ENABLE_OBJC_WEAK = YES;
				CLANG_WARN_BLOCK_CAPTURE_AUTORELEASING = YES;
				CLANG_WARN_BOOL_CONVERSION = YES;
				CLANG_WARN_COMMA = YES;
				CLANG_WARN_CONSTANT_CONVERSION = YES;
				CLANG_WARN_DEPRECATED_OBJC_IMPLEMENTATIONS = YES;
				CLANG_WARN_DIRECT_OBJC_ISA_USAGE = YES_ERROR;
				CLANG_WARN_DOCUMENTATION_COMMENTS = YES;
				CLANG_WARN_EMPTY_BODY = YES;
				CLANG_WARN_ENUM_CONVERSION = YES;
				CLANG_WARN_INFINITE_RECURSION = YES;
				CLANG_WARN_INT_CONVERSION = YES;
				CLANG_WARN_NON_LITERAL_NULL_CONVERSION = YES;
				CLANG_WARN_OBJC_IMPLICIT_RETAIN_SELF = YES;
				CLANG_WARN_OBJC_LITERAL_CONVERSION = YES;
				CLANG_WARN_OBJC_ROOT_CLASS = YES_ERROR;
				CLANG_WARN_RANGE_LOOP_ANALYSIS = YES;
				CLANG_WARN_STRICT_PROTOTYPES = YES;
				CLANG_WARN_SUSPICIOUS_MOVE = YES;
				CLANG_WARN_UNGUARDED_AVAILABILITY = YES_AGGRESSIVE;
				CLANG_WARN_UNREACHABLE_CODE = YES;
				CLANG_WARN__DUPLICATE_METHOD_MATCH = YES;
				CODE_SIGN_IDENTITY = "iPhone Developer";
				COPY_PHASE_STRIP = NO;
				DEBUG_INFORMATION_FORMAT = dwarf;
				ENABLE_STRICT_OBJC_MSGSEND = YES;
				ENABLE_TESTABILITY = YES;
				GCC_C_LANGUAGE_STANDARD = gnu11;
				GCC_DYNAMIC_NO_PIC = NO;
				GCC_NO_COMMON_BLOCKS = YES;
				GCC_OPTIMIZATION_LEVEL = 0;
				GCC_PREPROCESSOR_DEFINITIONS = (
					"DEBUG=1",
					"$(inherited)",
				);
				GCC_WARN_64_TO_32_BIT_CONVERSION = YES;
				GCC_WARN_ABOUT_RETURN_TYPE = YES_ERROR;
				GCC_WARN_UNDECLARED_SELECTOR = YES;
				GCC_WARN_UNINITIALIZED_AUTOS = YES_AGGRESSIVE;
				GCC_WARN_UNUSED_FUNCTION = YES;
				GCC_WARN_UNUSED_VARIABLE = YES;
				IPHONEOS_DEPLOYMENT_TARGET = 11.0;
				MTL_ENABLE_DEBUG_INFO = INCLUDE_SOURCE;
				MTL_FAST_MATH = YES;
				ONLY_ACTIVE_ARCH = YES;
				SDKROOT = iphoneos;
				SWIFT_ACTIVE_COMPILATION_CONDITIONS = DEBUG;
				SWIFT_OPTIMIZATION_LEVEL = "-Onone";
			};
			name = Debug;
		};
		4A113B2F217A987100B7640E /* Release */ = {
			isa = XCBuildConfiguration;
			buildSettings = {
				ALWAYS_SEARCH_USER_PATHS = NO;
				CLANG_ANALYZER_NONNULL = YES;
				CLANG_ANALYZER_NUMBER_OBJECT_CONVERSION = YES_AGGRESSIVE;
				CLANG_CXX_LANGUAGE_STANDARD = "gnu++14";
				CLANG_CXX_LIBRARY = "libc++";
				CLANG_ENABLE_MODULES = YES;
				CLANG_ENABLE_OBJC_ARC = YES;
				CLANG_ENABLE_OBJC_WEAK = YES;
				CLANG_WARN_BLOCK_CAPTURE_AUTORELEASING = YES;
				CLANG_WARN_BOOL_CONVERSION = YES;
				CLANG_WARN_COMMA = YES;
				CLANG_WARN_CONSTANT_CONVERSION = YES;
				CLANG_WARN_DEPRECATED_OBJC_IMPLEMENTATIONS = YES;
				CLANG_WARN_DIRECT_OBJC_ISA_USAGE = YES_ERROR;
				CLANG_WARN_DOCUMENTATION_COMMENTS = YES;
				CLANG_WARN_EMPTY_BODY = YES;
				CLANG_WARN_ENUM_CONVERSION = YES;
				CLANG_WARN_INFINITE_RECURSION = YES;
				CLANG_WARN_INT_CONVERSION = YES;
				CLANG_WARN_NON_LITERAL_NULL_CONVERSION = YES;
				CLANG_WARN_OBJC_IMPLICIT_RETAIN_SELF = YES;
				CLANG_WARN_OBJC_LITERAL_CONVERSION = YES;
				CLANG_WARN_OBJC_ROOT_CLASS = YES_ERROR;
				CLANG_WARN_RANGE_LOOP_ANALYSIS = YES;
				CLANG_WARN_STRICT_PROTOTYPES = YES;
				CLANG_WARN_SUSPICIOUS_MOVE = YES;
				CLANG_WARN_UNGUARDED_AVAILABILITY = YES_AGGRESSIVE;
				CLANG_WARN_UNREACHABLE_CODE = YES;
				CLANG_WARN__DUPLICATE_METHOD_MATCH = YES;
				CODE_SIGN_IDENTITY = "iPhone Developer";
				COPY_PHASE_STRIP = NO;
				DEBUG_INFORMATION_FORMAT = "dwarf-with-dsym";
				ENABLE_NS_ASSERTIONS = NO;
				ENABLE_STRICT_OBJC_MSGSEND = YES;
				GCC_C_LANGUAGE_STANDARD = gnu11;
				GCC_NO_COMMON_BLOCKS = YES;
				GCC_WARN_64_TO_32_BIT_CONVERSION = YES;
				GCC_WARN_ABOUT_RETURN_TYPE = YES_ERROR;
				GCC_WARN_UNDECLARED_SELECTOR = YES;
				GCC_WARN_UNINITIALIZED_AUTOS = YES_AGGRESSIVE;
				GCC_WARN_UNUSED_FUNCTION = YES;
				GCC_WARN_UNUSED_VARIABLE = YES;
				IPHONEOS_DEPLOYMENT_TARGET = 11.0;
				MTL_ENABLE_DEBUG_INFO = NO;
				MTL_FAST_MATH = YES;
				SDKROOT = iphoneos;
				SWIFT_COMPILATION_MODE = wholemodule;
				SWIFT_OPTIMIZATION_LEVEL = "-O";
				VALIDATE_PRODUCT = YES;
			};
			name = Release;
		};
		4A113B31217A987100B7640E /* Debug */ = {
			isa = XCBuildConfiguration;
			baseConfigurationReference = 706AE1EA193D8582EF80A1A0 /* Pods-YourBCABus.debug.xcconfig */;
			buildSettings = {
				ALWAYS_EMBED_SWIFT_STANDARD_LIBRARIES = YES;
				ASSETCATALOG_COMPILER_APPICON_NAME = AppIcon;
				ASSETCATALOG_COMPILER_GLOBAL_ACCENT_COLOR_NAME = Primary;
				CODE_SIGN_ENTITLEMENTS = YourBCABus/YourBCABus.entitlements;
				CODE_SIGN_STYLE = Automatic;
				CURRENT_PROJECT_VERSION = 33;
				DERIVE_UIKITFORMAC_PRODUCT_BUNDLE_IDENTIFIER = NO;
				DEVELOPMENT_TEAM = 9DDM72ZZ79;
				INFOPLIST_FILE = YourBCABus/Info.plist;
				IPHONEOS_DEPLOYMENT_TARGET = 14.1;
				"IPHONEOS_DEPLOYMENT_TARGET[sdk=macosx*]" = 14.2;
				LD_RUNPATH_SEARCH_PATHS = (
					"$(inherited)",
					"@executable_path/Frameworks",
				);
				MARKETING_VERSION = 1.3.1;
				PRODUCT_BUNDLE_IDENTIFIER = "com.yourbcabus.yourbcabus-ios";
				PRODUCT_NAME = "$(TARGET_NAME)";
				SUPPORTS_MACCATALYST = NO;
				SUPPORTS_UIKITFORMAC = YES;
				SWIFT_VERSION = 5.0;
				TARGETED_DEVICE_FAMILY = "1,2,6";
			};
			name = Debug;
		};
		4A113B32217A987100B7640E /* Release */ = {
			isa = XCBuildConfiguration;
			baseConfigurationReference = B0DEAFF2C7F0B2A4D3AD4F0F /* Pods-YourBCABus.release.xcconfig */;
			buildSettings = {
				ALWAYS_EMBED_SWIFT_STANDARD_LIBRARIES = YES;
				ASSETCATALOG_COMPILER_APPICON_NAME = AppIcon;
				ASSETCATALOG_COMPILER_GLOBAL_ACCENT_COLOR_NAME = Primary;
				CODE_SIGN_ENTITLEMENTS = YourBCABus/YourBCABus.entitlements;
				CODE_SIGN_STYLE = Automatic;
				CURRENT_PROJECT_VERSION = 33;
				DERIVE_UIKITFORMAC_PRODUCT_BUNDLE_IDENTIFIER = NO;
				DEVELOPMENT_TEAM = 9DDM72ZZ79;
				INFOPLIST_FILE = YourBCABus/Info.plist;
				IPHONEOS_DEPLOYMENT_TARGET = 14.1;
				"IPHONEOS_DEPLOYMENT_TARGET[sdk=macosx*]" = 14.2;
				LD_RUNPATH_SEARCH_PATHS = (
					"$(inherited)",
					"@executable_path/Frameworks",
				);
				MARKETING_VERSION = 1.3.1;
				PRODUCT_BUNDLE_IDENTIFIER = "com.yourbcabus.yourbcabus-ios";
				PRODUCT_NAME = "$(TARGET_NAME)";
				SUPPORTS_MACCATALYST = NO;
				SUPPORTS_UIKITFORMAC = YES;
				SWIFT_VERSION = 5.0;
				TARGETED_DEVICE_FAMILY = "1,2,6";
			};
			name = Release;
		};
		4A113B34217A987100B7640E /* Debug */ = {
			isa = XCBuildConfiguration;
			baseConfigurationReference = 44ED9BE1A0D8DC87FB08C455 /* Pods-YourBCABusTests.debug.xcconfig */;
			buildSettings = {
				ALWAYS_EMBED_SWIFT_STANDARD_LIBRARIES = YES;
				BUNDLE_LOADER = "$(TEST_HOST)";
				CODE_SIGN_STYLE = Automatic;
				INFOPLIST_FILE = YourBCABusTests/Info.plist;
				LD_RUNPATH_SEARCH_PATHS = (
					"$(inherited)",
					"@executable_path/Frameworks",
					"@loader_path/Frameworks",
				);
				PRODUCT_BUNDLE_IDENTIFIER = com.yourbcabus.YourBCABusTests;
				PRODUCT_NAME = "$(TARGET_NAME)";
				SWIFT_VERSION = 4.2;
				TARGETED_DEVICE_FAMILY = "1,2";
				TEST_HOST = "$(BUILT_PRODUCTS_DIR)/YourBCABus.app/YourBCABus";
			};
			name = Debug;
		};
		4A113B35217A987100B7640E /* Release */ = {
			isa = XCBuildConfiguration;
			baseConfigurationReference = B8E7953EA58932F4E7E52919 /* Pods-YourBCABusTests.release.xcconfig */;
			buildSettings = {
				ALWAYS_EMBED_SWIFT_STANDARD_LIBRARIES = YES;
				BUNDLE_LOADER = "$(TEST_HOST)";
				CODE_SIGN_STYLE = Automatic;
				INFOPLIST_FILE = YourBCABusTests/Info.plist;
				LD_RUNPATH_SEARCH_PATHS = (
					"$(inherited)",
					"@executable_path/Frameworks",
					"@loader_path/Frameworks",
				);
				PRODUCT_BUNDLE_IDENTIFIER = com.yourbcabus.YourBCABusTests;
				PRODUCT_NAME = "$(TARGET_NAME)";
				SWIFT_VERSION = 4.2;
				TARGETED_DEVICE_FAMILY = "1,2";
				TEST_HOST = "$(BUILT_PRODUCTS_DIR)/YourBCABus.app/YourBCABus";
			};
			name = Release;
		};
		4A113B37217A987100B7640E /* Debug */ = {
			isa = XCBuildConfiguration;
			baseConfigurationReference = 6B5398EEA0CBDDEF93168D39 /* Pods-YourBCABusUITests.debug.xcconfig */;
			buildSettings = {
				ALWAYS_EMBED_SWIFT_STANDARD_LIBRARIES = YES;
				CODE_SIGN_STYLE = Automatic;
				INFOPLIST_FILE = YourBCABusUITests/Info.plist;
				LD_RUNPATH_SEARCH_PATHS = (
					"$(inherited)",
					"@executable_path/Frameworks",
					"@loader_path/Frameworks",
				);
				PRODUCT_BUNDLE_IDENTIFIER = com.yourbcabus.YourBCABusUITests;
				PRODUCT_NAME = "$(TARGET_NAME)";
				SWIFT_VERSION = 4.2;
				TARGETED_DEVICE_FAMILY = "1,2";
				TEST_TARGET_NAME = YourBCABus;
			};
			name = Debug;
		};
		4A113B38217A987100B7640E /* Release */ = {
			isa = XCBuildConfiguration;
			baseConfigurationReference = 4CFBF44AFBEE9A224C81F575 /* Pods-YourBCABusUITests.release.xcconfig */;
			buildSettings = {
				ALWAYS_EMBED_SWIFT_STANDARD_LIBRARIES = YES;
				CODE_SIGN_STYLE = Automatic;
				INFOPLIST_FILE = YourBCABusUITests/Info.plist;
				LD_RUNPATH_SEARCH_PATHS = (
					"$(inherited)",
					"@executable_path/Frameworks",
					"@loader_path/Frameworks",
				);
				PRODUCT_BUNDLE_IDENTIFIER = com.yourbcabus.YourBCABusUITests;
				PRODUCT_NAME = "$(TARGET_NAME)";
				SWIFT_VERSION = 4.2;
				TARGETED_DEVICE_FAMILY = "1,2";
				TEST_TARGET_NAME = YourBCABus;
			};
			name = Release;
		};
		4AB0327F22A2FDEC00143805 /* Debug */ = {
			isa = XCBuildConfiguration;
			buildSettings = {
				CODE_SIGN_ENTITLEMENTS = "YourBCABus Notification Service/YourBCABus Notification Service.entitlements";
				CODE_SIGN_STYLE = Automatic;
				CURRENT_PROJECT_VERSION = 33;
				DERIVE_UIKITFORMAC_PRODUCT_BUNDLE_IDENTIFIER = NO;
				DEVELOPMENT_TEAM = 9DDM72ZZ79;
				INFOPLIST_FILE = "YourBCABus Notification Service/Info.plist";
				IPHONEOS_DEPLOYMENT_TARGET = 11.0;
				LD_RUNPATH_SEARCH_PATHS = (
					"$(inherited)",
					"@executable_path/Frameworks",
					"@executable_path/../../Frameworks",
				);
				MARKETING_VERSION = 1.3.1;
				PRODUCT_BUNDLE_IDENTIFIER = "com.yourbcabus.yourbcabus-ios.YourBCABus-Notification-Service";
				PRODUCT_NAME = "$(TARGET_NAME)";
				SKIP_INSTALL = YES;
				SUPPORTS_MACCATALYST = NO;
				SUPPORTS_UIKITFORMAC = YES;
				SWIFT_VERSION = 5.0;
				TARGETED_DEVICE_FAMILY = "1,2";
			};
			name = Debug;
		};
		4AB0328022A2FDEC00143805 /* Release */ = {
			isa = XCBuildConfiguration;
			buildSettings = {
				CODE_SIGN_ENTITLEMENTS = "YourBCABus Notification Service/YourBCABus Notification Service.entitlements";
				CODE_SIGN_STYLE = Automatic;
				CURRENT_PROJECT_VERSION = 33;
				DERIVE_UIKITFORMAC_PRODUCT_BUNDLE_IDENTIFIER = NO;
				DEVELOPMENT_TEAM = 9DDM72ZZ79;
				INFOPLIST_FILE = "YourBCABus Notification Service/Info.plist";
				IPHONEOS_DEPLOYMENT_TARGET = 11.0;
				LD_RUNPATH_SEARCH_PATHS = (
					"$(inherited)",
					"@executable_path/Frameworks",
					"@executable_path/../../Frameworks",
				);
				MARKETING_VERSION = 1.3.1;
				PRODUCT_BUNDLE_IDENTIFIER = "com.yourbcabus.yourbcabus-ios.YourBCABus-Notification-Service";
				PRODUCT_NAME = "$(TARGET_NAME)";
				SKIP_INSTALL = YES;
				SUPPORTS_MACCATALYST = NO;
				SUPPORTS_UIKITFORMAC = YES;
				SWIFT_VERSION = 5.0;
				TARGETED_DEVICE_FAMILY = "1,2";
			};
			name = Release;
		};
		4AD3AB162230411100FD58C2 /* Debug */ = {
			isa = XCBuildConfiguration;
			buildSettings = {
				CODE_SIGN_IDENTITY = "";
				CODE_SIGN_STYLE = Automatic;
				CURRENT_PROJECT_VERSION = 32;
				DEFINES_MODULE = YES;
				DEVELOPMENT_TEAM = 9DDM72ZZ79;
				DYLIB_COMPATIBILITY_VERSION = 1;
				DYLIB_CURRENT_VERSION = 1;
				DYLIB_INSTALL_NAME_BASE = "@rpath";
				INFOPLIST_FILE = "YourBCABus Embedded/Info.plist";
				INSTALL_PATH = "$(LOCAL_LIBRARY_DIR)/Frameworks";
				IPHONEOS_DEPLOYMENT_TARGET = 11.0;
				LD_RUNPATH_SEARCH_PATHS = (
					"$(inherited)",
					"@executable_path/Frameworks",
					"@loader_path/Frameworks",
				);
				MARKETING_VERSION = 1.3;
				PRODUCT_BUNDLE_IDENTIFIER = "com.yourbcabus.ios.YourBCABus-Embedded";
				PRODUCT_NAME = "$(TARGET_NAME:c99extidentifier)";
				SKIP_INSTALL = YES;
				SWIFT_VERSION = 5.0;
				TARGETED_DEVICE_FAMILY = "1,2";
				VERSIONING_SYSTEM = "apple-generic";
				VERSION_INFO_PREFIX = "";
			};
			name = Debug;
		};
		4AD3AB172230411100FD58C2 /* Release */ = {
			isa = XCBuildConfiguration;
			buildSettings = {
				CODE_SIGN_IDENTITY = "";
				CODE_SIGN_STYLE = Automatic;
				CURRENT_PROJECT_VERSION = 32;
				DEFINES_MODULE = YES;
				DEVELOPMENT_TEAM = 9DDM72ZZ79;
				DYLIB_COMPATIBILITY_VERSION = 1;
				DYLIB_CURRENT_VERSION = 1;
				DYLIB_INSTALL_NAME_BASE = "@rpath";
				INFOPLIST_FILE = "YourBCABus Embedded/Info.plist";
				INSTALL_PATH = "$(LOCAL_LIBRARY_DIR)/Frameworks";
				IPHONEOS_DEPLOYMENT_TARGET = 11.0;
				LD_RUNPATH_SEARCH_PATHS = (
					"$(inherited)",
					"@executable_path/Frameworks",
					"@loader_path/Frameworks",
				);
				MARKETING_VERSION = 1.3;
				PRODUCT_BUNDLE_IDENTIFIER = "com.yourbcabus.ios.YourBCABus-Embedded";
				PRODUCT_NAME = "$(TARGET_NAME:c99extidentifier)";
				SKIP_INSTALL = YES;
				SWIFT_VERSION = 5.0;
				TARGETED_DEVICE_FAMILY = "1,2";
				VERSIONING_SYSTEM = "apple-generic";
				VERSION_INFO_PREFIX = "";
			};
			name = Release;
		};
/* End XCBuildConfiguration section */

/* Begin XCConfigurationList section */
		4A113B01217A986E00B7640E /* Build configuration list for PBXProject "YourBCABus" */ = {
			isa = XCConfigurationList;
			buildConfigurations = (
				4A113B2E217A987100B7640E /* Debug */,
				4A113B2F217A987100B7640E /* Release */,
			);
			defaultConfigurationIsVisible = 0;
			defaultConfigurationName = Release;
		};
		4A113B30217A987100B7640E /* Build configuration list for PBXNativeTarget "YourBCABus" */ = {
			isa = XCConfigurationList;
			buildConfigurations = (
				4A113B31217A987100B7640E /* Debug */,
				4A113B32217A987100B7640E /* Release */,
			);
			defaultConfigurationIsVisible = 0;
			defaultConfigurationName = Release;
		};
		4A113B33217A987100B7640E /* Build configuration list for PBXNativeTarget "YourBCABusTests" */ = {
			isa = XCConfigurationList;
			buildConfigurations = (
				4A113B34217A987100B7640E /* Debug */,
				4A113B35217A987100B7640E /* Release */,
			);
			defaultConfigurationIsVisible = 0;
			defaultConfigurationName = Release;
		};
		4A113B36217A987100B7640E /* Build configuration list for PBXNativeTarget "YourBCABusUITests" */ = {
			isa = XCConfigurationList;
			buildConfigurations = (
				4A113B37217A987100B7640E /* Debug */,
				4A113B38217A987100B7640E /* Release */,
			);
			defaultConfigurationIsVisible = 0;
			defaultConfigurationName = Release;
		};
		4AB0328122A2FDEC00143805 /* Build configuration list for PBXNativeTarget "YourBCABus Notification Service" */ = {
			isa = XCConfigurationList;
			buildConfigurations = (
				4AB0327F22A2FDEC00143805 /* Debug */,
				4AB0328022A2FDEC00143805 /* Release */,
			);
			defaultConfigurationIsVisible = 0;
			defaultConfigurationName = Release;
		};
		4AD3AB152230411100FD58C2 /* Build configuration list for PBXNativeTarget "YourBCABus Embedded" */ = {
			isa = XCConfigurationList;
			buildConfigurations = (
				4AD3AB162230411100FD58C2 /* Debug */,
				4AD3AB172230411100FD58C2 /* Release */,
			);
			defaultConfigurationIsVisible = 0;
			defaultConfigurationName = Release;
		};
/* End XCConfigurationList section */

/* Begin XCRemoteSwiftPackageReference section */
		4A8C4B4026B89B63006A93A7 /* XCRemoteSwiftPackageReference "apollo-ios" */ = {
			isa = XCRemoteSwiftPackageReference;
			repositoryURL = "https://github.com/apollographql/apollo-ios.git";
			requirement = {
				kind = upToNextMajorVersion;
				minimumVersion = 0.3.0;
			};
		};
/* End XCRemoteSwiftPackageReference section */

/* Begin XCSwiftPackageProductDependency section */
		4A8C4B4126B89B63006A93A7 /* Apollo */ = {
			isa = XCSwiftPackageProductDependency;
			package = 4A8C4B4026B89B63006A93A7 /* XCRemoteSwiftPackageReference "apollo-ios" */;
			productName = Apollo;
		};
/* End XCSwiftPackageProductDependency section */
	};
	rootObject = 4A113AFE217A986E00B7640E /* Project object */;
}
