// !$*UTF8*$!
{
	archiveVersion = 1;
	classes = {
	};
	objectVersion = 50;
	objects = {

/* Begin PBXBuildFile section */
		4A113B0A217A986E00B7640E /* AppDelegate.swift in Sources */ = {isa = PBXBuildFile; fileRef = 4A113B09217A986E00B7640E /* AppDelegate.swift */; };
		4A113B0C217A986E00B7640E /* MasterViewController.swift in Sources */ = {isa = PBXBuildFile; fileRef = 4A113B0B217A986E00B7640E /* MasterViewController.swift */; };
		4A113B0E217A986E00B7640E /* DetailViewController.swift in Sources */ = {isa = PBXBuildFile; fileRef = 4A113B0D217A986E00B7640E /* DetailViewController.swift */; };
		4A113B11217A986E00B7640E /* Main.storyboard in Resources */ = {isa = PBXBuildFile; fileRef = 4A113B0F217A986E00B7640E /* Main.storyboard */; };
		4A113B13217A987100B7640E /* Assets.xcassets in Resources */ = {isa = PBXBuildFile; fileRef = 4A113B12217A987100B7640E /* Assets.xcassets */; };
		4A113B16217A987100B7640E /* LaunchScreen.storyboard in Resources */ = {isa = PBXBuildFile; fileRef = 4A113B14217A987100B7640E /* LaunchScreen.storyboard */; };
		4A113B21217A987100B7640E /* YourBCABusTests.swift in Sources */ = {isa = PBXBuildFile; fileRef = 4A113B20217A987100B7640E /* YourBCABusTests.swift */; };
		4A113B2C217A987100B7640E /* YourBCABusUITests.swift in Sources */ = {isa = PBXBuildFile; fileRef = 4A113B2B217A987100B7640E /* YourBCABusUITests.swift */; };
		4A113B3C217A9D2300B7640E /* GradientNavigationBar.swift in Sources */ = {isa = PBXBuildFile; fileRef = 4A113B3B217A9D2300B7640E /* GradientNavigationBar.swift */; };
		4A113B3E217AA94A00B7640E /* Models.swift in Sources */ = {isa = PBXBuildFile; fileRef = 4A113B3D217AA94A00B7640E /* Models.swift */; };
		4A113B40217AAC5B00B7640E /* APIService.swift in Sources */ = {isa = PBXBuildFile; fileRef = 4A113B3F217AAC5B00B7640E /* APIService.swift */; };
		4A1778DF219347E800D72001 /* RouteTableViewCell.swift in Sources */ = {isa = PBXBuildFile; fileRef = 4A1778DE219347E800D72001 /* RouteTableViewCell.swift */; };
		4A1E96E021B2F64D00FB4038 /* GetOffAlertPromptViewController.swift in Sources */ = {isa = PBXBuildFile; fileRef = 4A1E96DF21B2F64D00FB4038 /* GetOffAlertPromptViewController.swift */; };
		4A1E96E221B2FA5F00FB4038 /* GetOffAlertEventReceiver.swift in Sources */ = {isa = PBXBuildFile; fileRef = 4A1E96E121B2FA5F00FB4038 /* GetOffAlertEventReceiver.swift */; };
		4A2679DF2183B2B1004FC17E /* SettingsViewController.swift in Sources */ = {isa = PBXBuildFile; fileRef = 4A2679DE2183B2B1004FC17E /* SettingsViewController.swift */; };
		4A37C1EB219CF2FB0088D3CF /* GradientView.swift in Sources */ = {isa = PBXBuildFile; fileRef = 4A37C1EA219CF2FB0088D3CF /* GradientView.swift */; };
		4A39FB06217FEFF0008032DE /* SearchResultsViewController.swift in Sources */ = {isa = PBXBuildFile; fileRef = 4A39FB05217FEFF0008032DE /* SearchResultsViewController.swift */; };
		4A39FB0A217FF18B008032DE /* BusManager.swift in Sources */ = {isa = PBXBuildFile; fileRef = 4A39FB09217FF18B008032DE /* BusManager.swift */; };
		4A39FB0C217FFAF7008032DE /* BusTableViewCell.xib in Resources */ = {isa = PBXBuildFile; fileRef = 4A39FB0B217FFAF7008032DE /* BusTableViewCell.xib */; };
		4A7B2968219A37B600B465B6 /* RouteStepViewController.swift in Sources */ = {isa = PBXBuildFile; fileRef = 4A7B2966219A37B600B465B6 /* RouteStepViewController.swift */; };
		4A97EC11217EAE96003C7C60 /* BusTableViewCell.swift in Sources */ = {isa = PBXBuildFile; fileRef = 4A97EC10217EAE96003C7C60 /* BusTableViewCell.swift */; };
		4A97EC13217EAEDA003C7C60 /* BusLocationView.swift in Sources */ = {isa = PBXBuildFile; fileRef = 4A97EC12217EAEDA003C7C60 /* BusLocationView.swift */; };
		4AA37BFE21932AD300E02266 /* Routes.swift in Sources */ = {isa = PBXBuildFile; fileRef = 4AA37BFD21932AD300E02266 /* Routes.swift */; };
		4ABB8C7E2180C05A00158FD6 /* GoogleService-Info.plist in Resources */ = {isa = PBXBuildFile; fileRef = 4ABB8C7D2180C05A00158FD6 /* GoogleService-Info.plist */; };
		4AC2A9C3219C82DB00A4869A /* NotificationsPromptViewController.swift in Sources */ = {isa = PBXBuildFile; fileRef = 4AC2A9C2219C82DB00A4869A /* NotificationsPromptViewController.swift */; };
		4AC8478621851118001E8698 /* BusStatusTableViewCell.swift in Sources */ = {isa = PBXBuildFile; fileRef = 4AC8478521851117001E8698 /* BusStatusTableViewCell.swift */; };
		4AD958352180AEF800AC7EA9 /* MapKit.framework in Frameworks */ = {isa = PBXBuildFile; fileRef = 4AD958342180AEF800AC7EA9 /* MapKit.framework */; };
		4ADB65A5219118D300C29F34 /* TextFieldTableViewCell.swift in Sources */ = {isa = PBXBuildFile; fileRef = 4ADB65A4219118D300C29F34 /* TextFieldTableViewCell.swift */; };
		4ADEE49D2180CF5200F827FB /* MapViewController.swift in Sources */ = {isa = PBXBuildFile; fileRef = 4ADEE49C2180CF5200F827FB /* MapViewController.swift */; };
		4AE1F4082182962000ACDF76 /* NotificationCenterHelpers.swift in Sources */ = {isa = PBXBuildFile; fileRef = 4AE1F4072182962000ACDF76 /* NotificationCenterHelpers.swift */; };
		4AE7066C218FE4C100A95AC0 /* Navigation.storyboard in Resources */ = {isa = PBXBuildFile; fileRef = 4AE7066B218FE4C100A95AC0 /* Navigation.storyboard */; };
		4AE7066E218FE80E00A95AC0 /* NavigationTableViewController.swift in Sources */ = {isa = PBXBuildFile; fileRef = 4AE7066D218FE80E00A95AC0 /* NavigationTableViewController.swift */; };
		4AE70673218FED2200A95AC0 /* RoutesTableViewController.swift in Sources */ = {isa = PBXBuildFile; fileRef = 4AE70672218FED2200A95AC0 /* RoutesTableViewController.swift */; };
		4AE70675218FED3A00A95AC0 /* ModalNavigationViewController.swift in Sources */ = {isa = PBXBuildFile; fileRef = 4AE70674218FED3A00A95AC0 /* ModalNavigationViewController.swift */; };
		7C738D456BF364DD8B3E1793 /* Pods_YourBCABusUITests.framework in Frameworks */ = {isa = PBXBuildFile; fileRef = 57FD88CFCCFC2371321989B1 /* Pods_YourBCABusUITests.framework */; };
		BDEF7596E79AB6338CCFAF6F /* Pods_YourBCABusTests.framework in Frameworks */ = {isa = PBXBuildFile; fileRef = 56128607A369641345A3EA52 /* Pods_YourBCABusTests.framework */; };
		E4310F9683A7319F8290BE04 /* Pods_YourBCABus.framework in Frameworks */ = {isa = PBXBuildFile; fileRef = 86A35AB7A4B47B8135C0288F /* Pods_YourBCABus.framework */; };
/* End PBXBuildFile section */

/* Begin PBXContainerItemProxy section */
		4A113B1D217A987100B7640E /* PBXContainerItemProxy */ = {
			isa = PBXContainerItemProxy;
			containerPortal = 4A113AFE217A986E00B7640E /* Project object */;
			proxyType = 1;
			remoteGlobalIDString = 4A113B05217A986E00B7640E;
			remoteInfo = YourBCABus;
		};
		4A113B28217A987100B7640E /* PBXContainerItemProxy */ = {
			isa = PBXContainerItemProxy;
			containerPortal = 4A113AFE217A986E00B7640E /* Project object */;
			proxyType = 1;
			remoteGlobalIDString = 4A113B05217A986E00B7640E;
			remoteInfo = YourBCABus;
		};
/* End PBXContainerItemProxy section */

/* Begin PBXFileReference section */
		44ED9BE1A0D8DC87FB08C455 /* Pods-YourBCABusTests.debug.xcconfig */ = {isa = PBXFileReference; includeInIndex = 1; lastKnownFileType = text.xcconfig; name = "Pods-YourBCABusTests.debug.xcconfig"; path = "Pods/Target Support Files/Pods-YourBCABusTests/Pods-YourBCABusTests.debug.xcconfig"; sourceTree = "<group>"; };
		4A113B06217A986E00B7640E /* YourBCABus.app */ = {isa = PBXFileReference; explicitFileType = wrapper.application; includeInIndex = 0; path = YourBCABus.app; sourceTree = BUILT_PRODUCTS_DIR; };
		4A113B09217A986E00B7640E /* AppDelegate.swift */ = {isa = PBXFileReference; lastKnownFileType = sourcecode.swift; path = AppDelegate.swift; sourceTree = "<group>"; };
		4A113B0B217A986E00B7640E /* MasterViewController.swift */ = {isa = PBXFileReference; lastKnownFileType = sourcecode.swift; path = MasterViewController.swift; sourceTree = "<group>"; };
		4A113B0D217A986E00B7640E /* DetailViewController.swift */ = {isa = PBXFileReference; lastKnownFileType = sourcecode.swift; path = DetailViewController.swift; sourceTree = "<group>"; };
		4A113B10217A986E00B7640E /* Base */ = {isa = PBXFileReference; lastKnownFileType = file.storyboard; name = Base; path = Base.lproj/Main.storyboard; sourceTree = "<group>"; };
		4A113B12217A987100B7640E /* Assets.xcassets */ = {isa = PBXFileReference; lastKnownFileType = folder.assetcatalog; path = Assets.xcassets; sourceTree = "<group>"; };
		4A113B15217A987100B7640E /* Base */ = {isa = PBXFileReference; lastKnownFileType = file.storyboard; name = Base; path = Base.lproj/LaunchScreen.storyboard; sourceTree = "<group>"; };
		4A113B17217A987100B7640E /* Info.plist */ = {isa = PBXFileReference; lastKnownFileType = text.plist.xml; path = Info.plist; sourceTree = "<group>"; };
		4A113B1C217A987100B7640E /* YourBCABusTests.xctest */ = {isa = PBXFileReference; explicitFileType = wrapper.cfbundle; includeInIndex = 0; path = YourBCABusTests.xctest; sourceTree = BUILT_PRODUCTS_DIR; };
		4A113B20217A987100B7640E /* YourBCABusTests.swift */ = {isa = PBXFileReference; lastKnownFileType = sourcecode.swift; path = YourBCABusTests.swift; sourceTree = "<group>"; };
		4A113B22217A987100B7640E /* Info.plist */ = {isa = PBXFileReference; lastKnownFileType = text.plist.xml; path = Info.plist; sourceTree = "<group>"; };
		4A113B27217A987100B7640E /* YourBCABusUITests.xctest */ = {isa = PBXFileReference; explicitFileType = wrapper.cfbundle; includeInIndex = 0; path = YourBCABusUITests.xctest; sourceTree = BUILT_PRODUCTS_DIR; };
		4A113B2B217A987100B7640E /* YourBCABusUITests.swift */ = {isa = PBXFileReference; lastKnownFileType = sourcecode.swift; path = YourBCABusUITests.swift; sourceTree = "<group>"; };
		4A113B2D217A987100B7640E /* Info.plist */ = {isa = PBXFileReference; lastKnownFileType = text.plist.xml; path = Info.plist; sourceTree = "<group>"; };
		4A113B3B217A9D2300B7640E /* GradientNavigationBar.swift */ = {isa = PBXFileReference; lastKnownFileType = sourcecode.swift; path = GradientNavigationBar.swift; sourceTree = "<group>"; };
		4A113B3D217AA94A00B7640E /* Models.swift */ = {isa = PBXFileReference; lastKnownFileType = sourcecode.swift; path = Models.swift; sourceTree = "<group>"; };
		4A113B3F217AAC5B00B7640E /* APIService.swift */ = {isa = PBXFileReference; lastKnownFileType = sourcecode.swift; path = APIService.swift; sourceTree = "<group>"; };
		4A1778DE219347E800D72001 /* RouteTableViewCell.swift */ = {isa = PBXFileReference; lastKnownFileType = sourcecode.swift; path = RouteTableViewCell.swift; sourceTree = "<group>"; };
		4A1E96DF21B2F64D00FB4038 /* GetOffAlertPromptViewController.swift */ = {isa = PBXFileReference; lastKnownFileType = sourcecode.swift; path = GetOffAlertPromptViewController.swift; sourceTree = "<group>"; };
		4A1E96E121B2FA5F00FB4038 /* GetOffAlertEventReceiver.swift */ = {isa = PBXFileReference; lastKnownFileType = sourcecode.swift; path = GetOffAlertEventReceiver.swift; sourceTree = "<group>"; };
		4A2679DE2183B2B1004FC17E /* SettingsViewController.swift */ = {isa = PBXFileReference; lastKnownFileType = sourcecode.swift; path = SettingsViewController.swift; sourceTree = "<group>"; };
		4A37C1EA219CF2FB0088D3CF /* GradientView.swift */ = {isa = PBXFileReference; lastKnownFileType = sourcecode.swift; path = GradientView.swift; sourceTree = "<group>"; };
		4A39FB05217FEFF0008032DE /* SearchResultsViewController.swift */ = {isa = PBXFileReference; lastKnownFileType = sourcecode.swift; path = SearchResultsViewController.swift; sourceTree = "<group>"; };
		4A39FB09217FF18B008032DE /* BusManager.swift */ = {isa = PBXFileReference; lastKnownFileType = sourcecode.swift; path = BusManager.swift; sourceTree = "<group>"; };
		4A39FB0B217FFAF7008032DE /* BusTableViewCell.xib */ = {isa = PBXFileReference; lastKnownFileType = file.xib; path = BusTableViewCell.xib; sourceTree = "<group>"; };
		4A7B2966219A37B600B465B6 /* RouteStepViewController.swift */ = {isa = PBXFileReference; lastKnownFileType = sourcecode.swift; path = RouteStepViewController.swift; sourceTree = "<group>"; };
		4A97EC10217EAE96003C7C60 /* BusTableViewCell.swift */ = {isa = PBXFileReference; lastKnownFileType = sourcecode.swift; path = BusTableViewCell.swift; sourceTree = "<group>"; };
		4A97EC12217EAEDA003C7C60 /* BusLocationView.swift */ = {isa = PBXFileReference; lastKnownFileType = sourcecode.swift; path = BusLocationView.swift; sourceTree = "<group>"; };
		4AA37BFD21932AD300E02266 /* Routes.swift */ = {isa = PBXFileReference; lastKnownFileType = sourcecode.swift; path = Routes.swift; sourceTree = "<group>"; };
		4ABB8C7D2180C05A00158FD6 /* GoogleService-Info.plist */ = {isa = PBXFileReference; fileEncoding = 4; lastKnownFileType = text.plist.xml; path = "GoogleService-Info.plist"; sourceTree = "<group>"; };
		4AC2A9C2219C82DB00A4869A /* NotificationsPromptViewController.swift */ = {isa = PBXFileReference; lastKnownFileType = sourcecode.swift; path = NotificationsPromptViewController.swift; sourceTree = "<group>"; };
		4AC8478521851117001E8698 /* BusStatusTableViewCell.swift */ = {isa = PBXFileReference; lastKnownFileType = sourcecode.swift; path = BusStatusTableViewCell.swift; sourceTree = "<group>"; };
		4AD958322180AEEA00AC7EA9 /* YourBCABus.entitlements */ = {isa = PBXFileReference; lastKnownFileType = text.plist.entitlements; path = YourBCABus.entitlements; sourceTree = "<group>"; };
		4AD958342180AEF800AC7EA9 /* MapKit.framework */ = {isa = PBXFileReference; lastKnownFileType = wrapper.framework; name = MapKit.framework; path = System/Library/Frameworks/MapKit.framework; sourceTree = SDKROOT; };
		4ADB65A4219118D300C29F34 /* TextFieldTableViewCell.swift */ = {isa = PBXFileReference; lastKnownFileType = sourcecode.swift; path = TextFieldTableViewCell.swift; sourceTree = "<group>"; };
		4ADEE49C2180CF5200F827FB /* MapViewController.swift */ = {isa = PBXFileReference; lastKnownFileType = sourcecode.swift; path = MapViewController.swift; sourceTree = "<group>"; };
		4AE1F4072182962000ACDF76 /* NotificationCenterHelpers.swift */ = {isa = PBXFileReference; lastKnownFileType = sourcecode.swift; path = NotificationCenterHelpers.swift; sourceTree = "<group>"; };
		4AE7066B218FE4C100A95AC0 /* Navigation.storyboard */ = {isa = PBXFileReference; lastKnownFileType = file.storyboard; path = Navigation.storyboard; sourceTree = "<group>"; };
		4AE7066D218FE80E00A95AC0 /* NavigationTableViewController.swift */ = {isa = PBXFileReference; lastKnownFileType = sourcecode.swift; path = NavigationTableViewController.swift; sourceTree = "<group>"; };
		4AE70672218FED2200A95AC0 /* RoutesTableViewController.swift */ = {isa = PBXFileReference; lastKnownFileType = sourcecode.swift; path = RoutesTableViewController.swift; sourceTree = "<group>"; };
		4AE70674218FED3A00A95AC0 /* ModalNavigationViewController.swift */ = {isa = PBXFileReference; lastKnownFileType = sourcecode.swift; path = ModalNavigationViewController.swift; sourceTree = "<group>"; };
		4CFBF44AFBEE9A224C81F575 /* Pods-YourBCABusUITests.release.xcconfig */ = {isa = PBXFileReference; includeInIndex = 1; lastKnownFileType = text.xcconfig; name = "Pods-YourBCABusUITests.release.xcconfig"; path = "Pods/Target Support Files/Pods-YourBCABusUITests/Pods-YourBCABusUITests.release.xcconfig"; sourceTree = "<group>"; };
		56128607A369641345A3EA52 /* Pods_YourBCABusTests.framework */ = {isa = PBXFileReference; explicitFileType = wrapper.framework; includeInIndex = 0; path = Pods_YourBCABusTests.framework; sourceTree = BUILT_PRODUCTS_DIR; };
		57FD88CFCCFC2371321989B1 /* Pods_YourBCABusUITests.framework */ = {isa = PBXFileReference; explicitFileType = wrapper.framework; includeInIndex = 0; path = Pods_YourBCABusUITests.framework; sourceTree = BUILT_PRODUCTS_DIR; };
		6B5398EEA0CBDDEF93168D39 /* Pods-YourBCABusUITests.debug.xcconfig */ = {isa = PBXFileReference; includeInIndex = 1; lastKnownFileType = text.xcconfig; name = "Pods-YourBCABusUITests.debug.xcconfig"; path = "Pods/Target Support Files/Pods-YourBCABusUITests/Pods-YourBCABusUITests.debug.xcconfig"; sourceTree = "<group>"; };
		706AE1EA193D8582EF80A1A0 /* Pods-YourBCABus.debug.xcconfig */ = {isa = PBXFileReference; includeInIndex = 1; lastKnownFileType = text.xcconfig; name = "Pods-YourBCABus.debug.xcconfig"; path = "Pods/Target Support Files/Pods-YourBCABus/Pods-YourBCABus.debug.xcconfig"; sourceTree = "<group>"; };
		86A35AB7A4B47B8135C0288F /* Pods_YourBCABus.framework */ = {isa = PBXFileReference; explicitFileType = wrapper.framework; includeInIndex = 0; path = Pods_YourBCABus.framework; sourceTree = BUILT_PRODUCTS_DIR; };
		B0DEAFF2C7F0B2A4D3AD4F0F /* Pods-YourBCABus.release.xcconfig */ = {isa = PBXFileReference; includeInIndex = 1; lastKnownFileType = text.xcconfig; name = "Pods-YourBCABus.release.xcconfig"; path = "Pods/Target Support Files/Pods-YourBCABus/Pods-YourBCABus.release.xcconfig"; sourceTree = "<group>"; };
		B8E7953EA58932F4E7E52919 /* Pods-YourBCABusTests.release.xcconfig */ = {isa = PBXFileReference; includeInIndex = 1; lastKnownFileType = text.xcconfig; name = "Pods-YourBCABusTests.release.xcconfig"; path = "Pods/Target Support Files/Pods-YourBCABusTests/Pods-YourBCABusTests.release.xcconfig"; sourceTree = "<group>"; };
/* End PBXFileReference section */

/* Begin PBXFrameworksBuildPhase section */
		4A113B03217A986E00B7640E /* Frameworks */ = {
			isa = PBXFrameworksBuildPhase;
			buildActionMask = 2147483647;
			files = (
				4AD958352180AEF800AC7EA9 /* MapKit.framework in Frameworks */,
				E4310F9683A7319F8290BE04 /* Pods_YourBCABus.framework in Frameworks */,
			);
			runOnlyForDeploymentPostprocessing = 0;
		};
		4A113B19217A987100B7640E /* Frameworks */ = {
			isa = PBXFrameworksBuildPhase;
			buildActionMask = 2147483647;
			files = (
				BDEF7596E79AB6338CCFAF6F /* Pods_YourBCABusTests.framework in Frameworks */,
			);
			runOnlyForDeploymentPostprocessing = 0;
		};
		4A113B24217A987100B7640E /* Frameworks */ = {
			isa = PBXFrameworksBuildPhase;
			buildActionMask = 2147483647;
			files = (
				7C738D456BF364DD8B3E1793 /* Pods_YourBCABusUITests.framework in Frameworks */,
			);
			runOnlyForDeploymentPostprocessing = 0;
		};
/* End PBXFrameworksBuildPhase section */

/* Begin PBXGroup section */
		0F33409A133A340ED16293BE /* Pods */ = {
			isa = PBXGroup;
			children = (
				706AE1EA193D8582EF80A1A0 /* Pods-YourBCABus.debug.xcconfig */,
				B0DEAFF2C7F0B2A4D3AD4F0F /* Pods-YourBCABus.release.xcconfig */,
				44ED9BE1A0D8DC87FB08C455 /* Pods-YourBCABusTests.debug.xcconfig */,
				B8E7953EA58932F4E7E52919 /* Pods-YourBCABusTests.release.xcconfig */,
				6B5398EEA0CBDDEF93168D39 /* Pods-YourBCABusUITests.debug.xcconfig */,
				4CFBF44AFBEE9A224C81F575 /* Pods-YourBCABusUITests.release.xcconfig */,
			);
			name = Pods;
			sourceTree = "<group>";
		};
		4A113AFD217A986E00B7640E = {
			isa = PBXGroup;
			children = (
				4A113B08217A986E00B7640E /* YourBCABus */,
				4A113B1F217A987100B7640E /* YourBCABusTests */,
				4A113B2A217A987100B7640E /* YourBCABusUITests */,
				4A113B07217A986E00B7640E /* Products */,
				4AD958332180AEF800AC7EA9 /* Frameworks */,
				0F33409A133A340ED16293BE /* Pods */,
			);
			sourceTree = "<group>";
		};
		4A113B07217A986E00B7640E /* Products */ = {
			isa = PBXGroup;
			children = (
				4A113B06217A986E00B7640E /* YourBCABus.app */,
				4A113B1C217A987100B7640E /* YourBCABusTests.xctest */,
				4A113B27217A987100B7640E /* YourBCABusUITests.xctest */,
			);
			name = Products;
			sourceTree = "<group>";
		};
		4A113B08217A986E00B7640E /* YourBCABus */ = {
			isa = PBXGroup;
			children = (
				4AC8477D2185070B001E8698 /* View Controllers */,
				4AC8478221850778001E8698 /* Views */,
				4AC8478121850748001E8698 /* Models */,
				4AC8478321850792001E8698 /* Utilities */,
				4A113B09217A986E00B7640E /* AppDelegate.swift */,
				4A113B0F217A986E00B7640E /* Main.storyboard */,
				4AE7066B218FE4C100A95AC0 /* Navigation.storyboard */,
				4A113B12217A987100B7640E /* Assets.xcassets */,
				4AC84784218507A4001E8698 /* Resources */,
			);
			path = YourBCABus;
			sourceTree = "<group>";
		};
		4A113B1F217A987100B7640E /* YourBCABusTests */ = {
			isa = PBXGroup;
			children = (
				4A113B20217A987100B7640E /* YourBCABusTests.swift */,
				4A113B22217A987100B7640E /* Info.plist */,
			);
			path = YourBCABusTests;
			sourceTree = "<group>";
		};
		4A113B2A217A987100B7640E /* YourBCABusUITests */ = {
			isa = PBXGroup;
			children = (
				4A113B2B217A987100B7640E /* YourBCABusUITests.swift */,
				4A113B2D217A987100B7640E /* Info.plist */,
			);
			path = YourBCABusUITests;
			sourceTree = "<group>";
		};
		4A1E96DE21B2F62600FB4038 /* Get Off Alerts */ = {
			isa = PBXGroup;
			children = (
				4A1E96E121B2FA5F00FB4038 /* GetOffAlertEventReceiver.swift */,
				4A1E96DF21B2F64D00FB4038 /* GetOffAlertPromptViewController.swift */,
			);
			name = "Get Off Alerts";
			sourceTree = "<group>";
		};
		4A7B2965219A377A00B465B6 /* Steps */ = {
			isa = PBXGroup;
			children = (
				4A7B2966219A37B600B465B6 /* RouteStepViewController.swift */,
			);
			name = Steps;
			sourceTree = "<group>";
		};
		4AC8477D2185070B001E8698 /* View Controllers */ = {
			isa = PBXGroup;
			children = (
				4AE70670218FE82100A95AC0 /* Master */,
				4AE70671218FE83400A95AC0 /* Navigation */,
				4A113B0D217A986E00B7640E /* DetailViewController.swift */,
				4ADEE49C2180CF5200F827FB /* MapViewController.swift */,
				4A2679DE2183B2B1004FC17E /* SettingsViewController.swift */,
			);
			name = "View Controllers";
			sourceTree = "<group>";
		};
		4AC8478121850748001E8698 /* Models */ = {
			isa = PBXGroup;
			children = (
				4A113B3D217AA94A00B7640E /* Models.swift */,
				4A39FB09217FF18B008032DE /* BusManager.swift */,
				4A113B3F217AAC5B00B7640E /* APIService.swift */,
				4AA37BFD21932AD300E02266 /* Routes.swift */,
			);
			name = Models;
			sourceTree = "<group>";
		};
		4AC8478221850778001E8698 /* Views */ = {
			isa = PBXGroup;
			children = (
				4A97EC10217EAE96003C7C60 /* BusTableViewCell.swift */,
				4A39FB0B217FFAF7008032DE /* BusTableViewCell.xib */,
				4A97EC12217EAEDA003C7C60 /* BusLocationView.swift */,
				4AC8478521851117001E8698 /* BusStatusTableViewCell.swift */,
				4A113B3B217A9D2300B7640E /* GradientNavigationBar.swift */,
				4ADB65A4219118D300C29F34 /* TextFieldTableViewCell.swift */,
				4A1778DE219347E800D72001 /* RouteTableViewCell.swift */,
				4A37C1EA219CF2FB0088D3CF /* GradientView.swift */,
			);
			name = Views;
			sourceTree = "<group>";
		};
		4AC8478321850792001E8698 /* Utilities */ = {
			isa = PBXGroup;
			children = (
				4AE1F4072182962000ACDF76 /* NotificationCenterHelpers.swift */,
			);
			name = Utilities;
			sourceTree = "<group>";
		};
		4AC84784218507A4001E8698 /* Resources */ = {
			isa = PBXGroup;
			children = (
				4A113B14217A987100B7640E /* LaunchScreen.storyboard */,
				4AD958322180AEEA00AC7EA9 /* YourBCABus.entitlements */,
				4A113B17217A987100B7640E /* Info.plist */,
				4ABB8C7D2180C05A00158FD6 /* GoogleService-Info.plist */,
			);
			name = Resources;
			sourceTree = "<group>";
		};
		4AD958332180AEF800AC7EA9 /* Frameworks */ = {
			isa = PBXGroup;
			children = (
				4AD958342180AEF800AC7EA9 /* MapKit.framework */,
				86A35AB7A4B47B8135C0288F /* Pods_YourBCABus.framework */,
				56128607A369641345A3EA52 /* Pods_YourBCABusTests.framework */,
				57FD88CFCCFC2371321989B1 /* Pods_YourBCABusUITests.framework */,
			);
			name = Frameworks;
			sourceTree = "<group>";
		};
		4AE70670218FE82100A95AC0 /* Master */ = {
			isa = PBXGroup;
			children = (
				4A113B0B217A986E00B7640E /* MasterViewController.swift */,
				4A39FB05217FEFF0008032DE /* SearchResultsViewController.swift */,
				4AC2A9C2219C82DB00A4869A /* NotificationsPromptViewController.swift */,
			);
			name = Master;
			sourceTree = "<group>";
		};
		4AE70671218FE83400A95AC0 /* Navigation */ = {
			isa = PBXGroup;
			children = (
				4AE7066D218FE80E00A95AC0 /* NavigationTableViewController.swift */,
				4AE70672218FED2200A95AC0 /* RoutesTableViewController.swift */,
				4AE70674218FED3A00A95AC0 /* ModalNavigationViewController.swift */,
				4A1E96DE21B2F62600FB4038 /* Get Off Alerts */,
				4A7B2965219A377A00B465B6 /* Steps */,
			);
			name = Navigation;
			sourceTree = "<group>";
		};
/* End PBXGroup section */

/* Begin PBXNativeTarget section */
		4A113B05217A986E00B7640E /* YourBCABus */ = {
			isa = PBXNativeTarget;
			buildConfigurationList = 4A113B30217A987100B7640E /* Build configuration list for PBXNativeTarget "YourBCABus" */;
			buildPhases = (
				A1C23881E5D629D0FC54B7C6 /* [CP] Check Pods Manifest.lock */,
				4A113B02217A986E00B7640E /* Sources */,
				4A113B03217A986E00B7640E /* Frameworks */,
				4A113B04217A986E00B7640E /* Resources */,
				6C18B3431541F9DD8AEB17AA /* [CP] Embed Pods Frameworks */,
			);
			buildRules = (
			);
			dependencies = (
			);
			name = YourBCABus;
			productName = YourBCABus;
			productReference = 4A113B06217A986E00B7640E /* YourBCABus.app */;
			productType = "com.apple.product-type.application";
		};
		4A113B1B217A987100B7640E /* YourBCABusTests */ = {
			isa = PBXNativeTarget;
			buildConfigurationList = 4A113B33217A987100B7640E /* Build configuration list for PBXNativeTarget "YourBCABusTests" */;
			buildPhases = (
				301BACC9A9BF852489C9698C /* [CP] Check Pods Manifest.lock */,
				4A113B18217A987100B7640E /* Sources */,
				4A113B19217A987100B7640E /* Frameworks */,
				4A113B1A217A987100B7640E /* Resources */,
			);
			buildRules = (
			);
			dependencies = (
				4A113B1E217A987100B7640E /* PBXTargetDependency */,
			);
			name = YourBCABusTests;
			productName = YourBCABusTests;
			productReference = 4A113B1C217A987100B7640E /* YourBCABusTests.xctest */;
			productType = "com.apple.product-type.bundle.unit-test";
		};
		4A113B26217A987100B7640E /* YourBCABusUITests */ = {
			isa = PBXNativeTarget;
			buildConfigurationList = 4A113B36217A987100B7640E /* Build configuration list for PBXNativeTarget "YourBCABusUITests" */;
			buildPhases = (
				C3B176468ACE2F7D63C5E23E /* [CP] Check Pods Manifest.lock */,
				4A113B23217A987100B7640E /* Sources */,
				4A113B24217A987100B7640E /* Frameworks */,
				4A113B25217A987100B7640E /* Resources */,
			);
			buildRules = (
			);
			dependencies = (
				4A113B29217A987100B7640E /* PBXTargetDependency */,
			);
			name = YourBCABusUITests;
			productName = YourBCABusUITests;
			productReference = 4A113B27217A987100B7640E /* YourBCABusUITests.xctest */;
			productType = "com.apple.product-type.bundle.ui-testing";
		};
/* End PBXNativeTarget section */

/* Begin PBXProject section */
		4A113AFE217A986E00B7640E /* Project object */ = {
			isa = PBXProject;
			attributes = {
				LastSwiftUpdateCheck = 1000;
				LastUpgradeCheck = 1000;
				ORGANIZATIONNAME = YourBCABus;
				TargetAttributes = {
					4A113B05217A986E00B7640E = {
						CreatedOnToolsVersion = 10.0;
						SystemCapabilities = {
							com.apple.BackgroundModes = {
								enabled = 1;
							};
							com.apple.Maps.iOS = {
								enabled = 1;
							};
							com.apple.Push = {
								enabled = 1;
							};
						};
					};
					4A113B1B217A987100B7640E = {
						CreatedOnToolsVersion = 10.0;
						TestTargetID = 4A113B05217A986E00B7640E;
					};
					4A113B26217A987100B7640E = {
						CreatedOnToolsVersion = 10.0;
						TestTargetID = 4A113B05217A986E00B7640E;
					};
				};
			};
			buildConfigurationList = 4A113B01217A986E00B7640E /* Build configuration list for PBXProject "YourBCABus" */;
			compatibilityVersion = "Xcode 9.3";
			developmentRegion = en;
			hasScannedForEncodings = 0;
			knownRegions = (
				en,
				Base,
			);
			mainGroup = 4A113AFD217A986E00B7640E;
			productRefGroup = 4A113B07217A986E00B7640E /* Products */;
			projectDirPath = "";
			projectRoot = "";
			targets = (
				4A113B05217A986E00B7640E /* YourBCABus */,
				4A113B1B217A987100B7640E /* YourBCABusTests */,
				4A113B26217A987100B7640E /* YourBCABusUITests */,
			);
		};
/* End PBXProject section */

/* Begin PBXResourcesBuildPhase section */
		4A113B04217A986E00B7640E /* Resources */ = {
			isa = PBXResourcesBuildPhase;
			buildActionMask = 2147483647;
			files = (
				4AE7066C218FE4C100A95AC0 /* Navigation.storyboard in Resources */,
				4A113B16217A987100B7640E /* LaunchScreen.storyboard in Resources */,
				4A113B13217A987100B7640E /* Assets.xcassets in Resources */,
				4ABB8C7E2180C05A00158FD6 /* GoogleService-Info.plist in Resources */,
				4A39FB0C217FFAF7008032DE /* BusTableViewCell.xib in Resources */,
				4A113B11217A986E00B7640E /* Main.storyboard in Resources */,
			);
			runOnlyForDeploymentPostprocessing = 0;
		};
		4A113B1A217A987100B7640E /* Resources */ = {
			isa = PBXResourcesBuildPhase;
			buildActionMask = 2147483647;
			files = (
			);
			runOnlyForDeploymentPostprocessing = 0;
		};
		4A113B25217A987100B7640E /* Resources */ = {
			isa = PBXResourcesBuildPhase;
			buildActionMask = 2147483647;
			files = (
			);
			runOnlyForDeploymentPostprocessing = 0;
		};
/* End PBXResourcesBuildPhase section */

/* Begin PBXShellScriptBuildPhase section */
		301BACC9A9BF852489C9698C /* [CP] Check Pods Manifest.lock */ = {
			isa = PBXShellScriptBuildPhase;
			buildActionMask = 2147483647;
			files = (
			);
			inputFileListPaths = (
			);
			inputPaths = (
				"${PODS_PODFILE_DIR_PATH}/Podfile.lock",
				"${PODS_ROOT}/Manifest.lock",
			);
			name = "[CP] Check Pods Manifest.lock";
			outputFileListPaths = (
			);
			outputPaths = (
				"$(DERIVED_FILE_DIR)/Pods-YourBCABusTests-checkManifestLockResult.txt",
			);
			runOnlyForDeploymentPostprocessing = 0;
			shellPath = /bin/sh;
			shellScript = "diff \"${PODS_PODFILE_DIR_PATH}/Podfile.lock\" \"${PODS_ROOT}/Manifest.lock\" > /dev/null\nif [ $? != 0 ] ; then\n    # print error to STDERR\n    echo \"error: The sandbox is not in sync with the Podfile.lock. Run 'pod install' or update your CocoaPods installation.\" >&2\n    exit 1\nfi\n# This output is used by Xcode 'outputs' to avoid re-running this script phase.\necho \"SUCCESS\" > \"${SCRIPT_OUTPUT_FILE_0}\"\n";
			showEnvVarsInLog = 0;
		};
		6C18B3431541F9DD8AEB17AA /* [CP] Embed Pods Frameworks */ = {
			isa = PBXShellScriptBuildPhase;
			buildActionMask = 2147483647;
			files = (
			);
			inputFileListPaths = (
			);
			inputPaths = (
				"${SRCROOT}/Pods/Target Support Files/Pods-YourBCABus/Pods-YourBCABus-frameworks.sh",
				"${BUILT_PRODUCTS_DIR}/GoogleUtilities/GoogleUtilities.framework",
				"${BUILT_PRODUCTS_DIR}/Protobuf/Protobuf.framework",
				"${BUILT_PRODUCTS_DIR}/nanopb/nanopb.framework",
			);
			name = "[CP] Embed Pods Frameworks";
			outputFileListPaths = (
			);
			outputPaths = (
				"${TARGET_BUILD_DIR}/${FRAMEWORKS_FOLDER_PATH}/GoogleUtilities.framework",
				"${TARGET_BUILD_DIR}/${FRAMEWORKS_FOLDER_PATH}/Protobuf.framework",
				"${TARGET_BUILD_DIR}/${FRAMEWORKS_FOLDER_PATH}/nanopb.framework",
			);
			runOnlyForDeploymentPostprocessing = 0;
			shellPath = /bin/sh;
			shellScript = "\"${SRCROOT}/Pods/Target Support Files/Pods-YourBCABus/Pods-YourBCABus-frameworks.sh\"\n";
			showEnvVarsInLog = 0;
		};
		A1C23881E5D629D0FC54B7C6 /* [CP] Check Pods Manifest.lock */ = {
			isa = PBXShellScriptBuildPhase;
			buildActionMask = 2147483647;
			files = (
			);
			inputFileListPaths = (
			);
			inputPaths = (
				"${PODS_PODFILE_DIR_PATH}/Podfile.lock",
				"${PODS_ROOT}/Manifest.lock",
			);
			name = "[CP] Check Pods Manifest.lock";
			outputFileListPaths = (
			);
			outputPaths = (
				"$(DERIVED_FILE_DIR)/Pods-YourBCABus-checkManifestLockResult.txt",
			);
			runOnlyForDeploymentPostprocessing = 0;
			shellPath = /bin/sh;
			shellScript = "diff \"${PODS_PODFILE_DIR_PATH}/Podfile.lock\" \"${PODS_ROOT}/Manifest.lock\" > /dev/null\nif [ $? != 0 ] ; then\n    # print error to STDERR\n    echo \"error: The sandbox is not in sync with the Podfile.lock. Run 'pod install' or update your CocoaPods installation.\" >&2\n    exit 1\nfi\n# This output is used by Xcode 'outputs' to avoid re-running this script phase.\necho \"SUCCESS\" > \"${SCRIPT_OUTPUT_FILE_0}\"\n";
			showEnvVarsInLog = 0;
		};
		C3B176468ACE2F7D63C5E23E /* [CP] Check Pods Manifest.lock */ = {
			isa = PBXShellScriptBuildPhase;
			buildActionMask = 2147483647;
			files = (
			);
			inputFileListPaths = (
			);
			inputPaths = (
				"${PODS_PODFILE_DIR_PATH}/Podfile.lock",
				"${PODS_ROOT}/Manifest.lock",
			);
			name = "[CP] Check Pods Manifest.lock";
			outputFileListPaths = (
			);
			outputPaths = (
				"$(DERIVED_FILE_DIR)/Pods-YourBCABusUITests-checkManifestLockResult.txt",
			);
			runOnlyForDeploymentPostprocessing = 0;
			shellPath = /bin/sh;
			shellScript = "diff \"${PODS_PODFILE_DIR_PATH}/Podfile.lock\" \"${PODS_ROOT}/Manifest.lock\" > /dev/null\nif [ $? != 0 ] ; then\n    # print error to STDERR\n    echo \"error: The sandbox is not in sync with the Podfile.lock. Run 'pod install' or update your CocoaPods installation.\" >&2\n    exit 1\nfi\n# This output is used by Xcode 'outputs' to avoid re-running this script phase.\necho \"SUCCESS\" > \"${SCRIPT_OUTPUT_FILE_0}\"\n";
			showEnvVarsInLog = 0;
		};
/* End PBXShellScriptBuildPhase section */

/* Begin PBXSourcesBuildPhase section */
		4A113B02217A986E00B7640E /* Sources */ = {
			isa = PBXSourcesBuildPhase;
			buildActionMask = 2147483647;
			files = (
				4AE7066E218FE80E00A95AC0 /* NavigationTableViewController.swift in Sources */,
				4ADEE49D2180CF5200F827FB /* MapViewController.swift in Sources */,
				4A97EC11217EAE96003C7C60 /* BusTableViewCell.swift in Sources */,
				4AE70673218FED2200A95AC0 /* RoutesTableViewController.swift in Sources */,
				4A113B0E217A986E00B7640E /* DetailViewController.swift in Sources */,
				4A1778DF219347E800D72001 /* RouteTableViewCell.swift in Sources */,
				4A39FB0A217FF18B008032DE /* BusManager.swift in Sources */,
				4A37C1EB219CF2FB0088D3CF /* GradientView.swift in Sources */,
				4AC2A9C3219C82DB00A4869A /* NotificationsPromptViewController.swift in Sources */,
				4AA37BFE21932AD300E02266 /* Routes.swift in Sources */,
				4A113B3C217A9D2300B7640E /* GradientNavigationBar.swift in Sources */,
				4AE1F4082182962000ACDF76 /* NotificationCenterHelpers.swift in Sources */,
				4A1E96E021B2F64D00FB4038 /* GetOffAlertPromptViewController.swift in Sources */,
				4A7B2968219A37B600B465B6 /* RouteStepViewController.swift in Sources */,
				4AC8478621851118001E8698 /* BusStatusTableViewCell.swift in Sources */,
				4A113B0C217A986E00B7640E /* MasterViewController.swift in Sources */,
				4A113B0A217A986E00B7640E /* AppDelegate.swift in Sources */,
				4A1E96E221B2FA5F00FB4038 /* GetOffAlertEventReceiver.swift in Sources */,
				4A113B40217AAC5B00B7640E /* APIService.swift in Sources */,
				4A97EC13217EAEDA003C7C60 /* BusLocationView.swift in Sources */,
				4A2679DF2183B2B1004FC17E /* SettingsViewController.swift in Sources */,
				4A39FB06217FEFF0008032DE /* SearchResultsViewController.swift in Sources */,
				4ADB65A5219118D300C29F34 /* TextFieldTableViewCell.swift in Sources */,
				4AE70675218FED3A00A95AC0 /* ModalNavigationViewController.swift in Sources */,
				4A113B3E217AA94A00B7640E /* Models.swift in Sources */,
			);
			runOnlyForDeploymentPostprocessing = 0;
		};
		4A113B18217A987100B7640E /* Sources */ = {
			isa = PBXSourcesBuildPhase;
			buildActionMask = 2147483647;
			files = (
				4A113B21217A987100B7640E /* YourBCABusTests.swift in Sources */,
			);
			runOnlyForDeploymentPostprocessing = 0;
		};
		4A113B23217A987100B7640E /* Sources */ = {
			isa = PBXSourcesBuildPhase;
			buildActionMask = 2147483647;
			files = (
				4A113B2C217A987100B7640E /* YourBCABusUITests.swift in Sources */,
			);
			runOnlyForDeploymentPostprocessing = 0;
		};
/* End PBXSourcesBuildPhase section */

/* Begin PBXTargetDependency section */
		4A113B1E217A987100B7640E /* PBXTargetDependency */ = {
			isa = PBXTargetDependency;
			target = 4A113B05217A986E00B7640E /* YourBCABus */;
			targetProxy = 4A113B1D217A987100B7640E /* PBXContainerItemProxy */;
		};
		4A113B29217A987100B7640E /* PBXTargetDependency */ = {
			isa = PBXTargetDependency;
			target = 4A113B05217A986E00B7640E /* YourBCABus */;
			targetProxy = 4A113B28217A987100B7640E /* PBXContainerItemProxy */;
		};
/* End PBXTargetDependency section */

/* Begin PBXVariantGroup section */
		4A113B0F217A986E00B7640E /* Main.storyboard */ = {
			isa = PBXVariantGroup;
			children = (
				4A113B10217A986E00B7640E /* Base */,
			);
			name = Main.storyboard;
			sourceTree = "<group>";
		};
		4A113B14217A987100B7640E /* LaunchScreen.storyboard */ = {
			isa = PBXVariantGroup;
			children = (
				4A113B15217A987100B7640E /* Base */,
			);
			name = LaunchScreen.storyboard;
			sourceTree = "<group>";
		};
/* End PBXVariantGroup section */

/* Begin XCBuildConfiguration section */
		4A113B2E217A987100B7640E /* Debug */ = {
			isa = XCBuildConfiguration;
			buildSettings = {
				ALWAYS_SEARCH_USER_PATHS = NO;
				CLANG_ANALYZER_NONNULL = YES;
				CLANG_ANALYZER_NUMBER_OBJECT_CONVERSION = YES_AGGRESSIVE;
				CLANG_CXX_LANGUAGE_STANDARD = "gnu++14";
				CLANG_CXX_LIBRARY = "libc++";
				CLANG_ENABLE_MODULES = YES;
				CLANG_ENABLE_OBJC_ARC = YES;
				CLANG_ENABLE_OBJC_WEAK = YES;
				CLANG_WARN_BLOCK_CAPTURE_AUTORELEASING = YES;
				CLANG_WARN_BOOL_CONVERSION = YES;
				CLANG_WARN_COMMA = YES;
				CLANG_WARN_CONSTANT_CONVERSION = YES;
				CLANG_WARN_DEPRECATED_OBJC_IMPLEMENTATIONS = YES;
				CLANG_WARN_DIRECT_OBJC_ISA_USAGE = YES_ERROR;
				CLANG_WARN_DOCUMENTATION_COMMENTS = YES;
				CLANG_WARN_EMPTY_BODY = YES;
				CLANG_WARN_ENUM_CONVERSION = YES;
				CLANG_WARN_INFINITE_RECURSION = YES;
				CLANG_WARN_INT_CONVERSION = YES;
				CLANG_WARN_NON_LITERAL_NULL_CONVERSION = YES;
				CLANG_WARN_OBJC_IMPLICIT_RETAIN_SELF = YES;
				CLANG_WARN_OBJC_LITERAL_CONVERSION = YES;
				CLANG_WARN_OBJC_ROOT_CLASS = YES_ERROR;
				CLANG_WARN_RANGE_LOOP_ANALYSIS = YES;
				CLANG_WARN_STRICT_PROTOTYPES = YES;
				CLANG_WARN_SUSPICIOUS_MOVE = YES;
				CLANG_WARN_UNGUARDED_AVAILABILITY = YES_AGGRESSIVE;
				CLANG_WARN_UNREACHABLE_CODE = YES;
				CLANG_WARN__DUPLICATE_METHOD_MATCH = YES;
				CODE_SIGN_IDENTITY = "iPhone Developer";
				COPY_PHASE_STRIP = NO;
				DEBUG_INFORMATION_FORMAT = dwarf;
				ENABLE_STRICT_OBJC_MSGSEND = YES;
				ENABLE_TESTABILITY = YES;
				GCC_C_LANGUAGE_STANDARD = gnu11;
				GCC_DYNAMIC_NO_PIC = NO;
				GCC_NO_COMMON_BLOCKS = YES;
				GCC_OPTIMIZATION_LEVEL = 0;
				GCC_PREPROCESSOR_DEFINITIONS = (
					"DEBUG=1",
					"$(inherited)",
				);
				GCC_WARN_64_TO_32_BIT_CONVERSION = YES;
				GCC_WARN_ABOUT_RETURN_TYPE = YES_ERROR;
				GCC_WARN_UNDECLARED_SELECTOR = YES;
				GCC_WARN_UNINITIALIZED_AUTOS = YES_AGGRESSIVE;
				GCC_WARN_UNUSED_FUNCTION = YES;
				GCC_WARN_UNUSED_VARIABLE = YES;
				IPHONEOS_DEPLOYMENT_TARGET = 12.0;
				MTL_ENABLE_DEBUG_INFO = INCLUDE_SOURCE;
				MTL_FAST_MATH = YES;
				ONLY_ACTIVE_ARCH = YES;
				SDKROOT = iphoneos;
				SWIFT_ACTIVE_COMPILATION_CONDITIONS = DEBUG;
				SWIFT_OPTIMIZATION_LEVEL = "-Onone";
			};
			name = Debug;
		};
		4A113B2F217A987100B7640E /* Release */ = {
			isa = XCBuildConfiguration;
			buildSettings = {
				ALWAYS_SEARCH_USER_PATHS = NO;
				CLANG_ANALYZER_NONNULL = YES;
				CLANG_ANALYZER_NUMBER_OBJECT_CONVERSION = YES_AGGRESSIVE;
				CLANG_CXX_LANGUAGE_STANDARD = "gnu++14";
				CLANG_CXX_LIBRARY = "libc++";
				CLANG_ENABLE_MODULES = YES;
				CLANG_ENABLE_OBJC_ARC = YES;
				CLANG_ENABLE_OBJC_WEAK = YES;
				CLANG_WARN_BLOCK_CAPTURE_AUTORELEASING = YES;
				CLANG_WARN_BOOL_CONVERSION = YES;
				CLANG_WARN_COMMA = YES;
				CLANG_WARN_CONSTANT_CONVERSION = YES;
				CLANG_WARN_DEPRECATED_OBJC_IMPLEMENTATIONS = YES;
				CLANG_WARN_DIRECT_OBJC_ISA_USAGE = YES_ERROR;
				CLANG_WARN_DOCUMENTATION_COMMENTS = YES;
				CLANG_WARN_EMPTY_BODY = YES;
				CLANG_WARN_ENUM_CONVERSION = YES;
				CLANG_WARN_INFINITE_RECURSION = YES;
				CLANG_WARN_INT_CONVERSION = YES;
				CLANG_WARN_NON_LITERAL_NULL_CONVERSION = YES;
				CLANG_WARN_OBJC_IMPLICIT_RETAIN_SELF = YES;
				CLANG_WARN_OBJC_LITERAL_CONVERSION = YES;
				CLANG_WARN_OBJC_ROOT_CLASS = YES_ERROR;
				CLANG_WARN_RANGE_LOOP_ANALYSIS = YES;
				CLANG_WARN_STRICT_PROTOTYPES = YES;
				CLANG_WARN_SUSPICIOUS_MOVE = YES;
				CLANG_WARN_UNGUARDED_AVAILABILITY = YES_AGGRESSIVE;
				CLANG_WARN_UNREACHABLE_CODE = YES;
				CLANG_WARN__DUPLICATE_METHOD_MATCH = YES;
				CODE_SIGN_IDENTITY = "iPhone Developer";
				COPY_PHASE_STRIP = NO;
				DEBUG_INFORMATION_FORMAT = "dwarf-with-dsym";
				ENABLE_NS_ASSERTIONS = NO;
				ENABLE_STRICT_OBJC_MSGSEND = YES;
				GCC_C_LANGUAGE_STANDARD = gnu11;
				GCC_NO_COMMON_BLOCKS = YES;
				GCC_WARN_64_TO_32_BIT_CONVERSION = YES;
				GCC_WARN_ABOUT_RETURN_TYPE = YES_ERROR;
				GCC_WARN_UNDECLARED_SELECTOR = YES;
				GCC_WARN_UNINITIALIZED_AUTOS = YES_AGGRESSIVE;
				GCC_WARN_UNUSED_FUNCTION = YES;
				GCC_WARN_UNUSED_VARIABLE = YES;
				IPHONEOS_DEPLOYMENT_TARGET = 12.0;
				MTL_ENABLE_DEBUG_INFO = NO;
				MTL_FAST_MATH = YES;
				SDKROOT = iphoneos;
				SWIFT_COMPILATION_MODE = wholemodule;
				SWIFT_OPTIMIZATION_LEVEL = "-O";
				VALIDATE_PRODUCT = YES;
			};
			name = Release;
		};
		4A113B31217A987100B7640E /* Debug */ = {
			isa = XCBuildConfiguration;
			baseConfigurationReference = 706AE1EA193D8582EF80A1A0 /* Pods-YourBCABus.debug.xcconfig */;
			buildSettings = {
				ASSETCATALOG_COMPILER_APPICON_NAME = AppIcon;
				CODE_SIGN_ENTITLEMENTS = YourBCABus/YourBCABus.entitlements;
				CODE_SIGN_STYLE = Automatic;
				DEVELOPMENT_TEAM = 9DDM72ZZ79;
				INFOPLIST_FILE = YourBCABus/Info.plist;
				IPHONEOS_DEPLOYMENT_TARGET = 11.0;
				LD_RUNPATH_SEARCH_PATHS = (
					"$(inherited)",
					"@executable_path/Frameworks",
				);
				PRODUCT_BUNDLE_IDENTIFIER = "com.yourbcabus.yourbcabus-ios";
				PRODUCT_NAME = "$(TARGET_NAME)";
				SWIFT_VERSION = 4.2;
				TARGETED_DEVICE_FAMILY = "1,2";
			};
			name = Debug;
		};
		4A113B32217A987100B7640E /* Release */ = {
			isa = XCBuildConfiguration;
			baseConfigurationReference = B0DEAFF2C7F0B2A4D3AD4F0F /* Pods-YourBCABus.release.xcconfig */;
			buildSettings = {
				ASSETCATALOG_COMPILER_APPICON_NAME = AppIcon;
				CODE_SIGN_ENTITLEMENTS = YourBCABus/YourBCABus.entitlements;
				CODE_SIGN_STYLE = Automatic;
				DEVELOPMENT_TEAM = 9DDM72ZZ79;
				INFOPLIST_FILE = YourBCABus/Info.plist;
				IPHONEOS_DEPLOYMENT_TARGET = 11.0;
				LD_RUNPATH_SEARCH_PATHS = (
					"$(inherited)",
					"@executable_path/Frameworks",
				);
				PRODUCT_BUNDLE_IDENTIFIER = "com.yourbcabus.yourbcabus-ios";
				PRODUCT_NAME = "$(TARGET_NAME)";
				SWIFT_VERSION = 4.2;
				TARGETED_DEVICE_FAMILY = "1,2";
			};
			name = Release;
		};
		4A113B34217A987100B7640E /* Debug */ = {
			isa = XCBuildConfiguration;
			baseConfigurationReference = 44ED9BE1A0D8DC87FB08C455 /* Pods-YourBCABusTests.debug.xcconfig */;
			buildSettings = {
				ALWAYS_EMBED_SWIFT_STANDARD_LIBRARIES = YES;
				BUNDLE_LOADER = "$(TEST_HOST)";
				CODE_SIGN_STYLE = Automatic;
				INFOPLIST_FILE = YourBCABusTests/Info.plist;
				LD_RUNPATH_SEARCH_PATHS = (
					"$(inherited)",
					"@executable_path/Frameworks",
					"@loader_path/Frameworks",
				);
				PRODUCT_BUNDLE_IDENTIFIER = com.yourbcabus.YourBCABusTests;
				PRODUCT_NAME = "$(TARGET_NAME)";
				SWIFT_VERSION = 4.2;
				TARGETED_DEVICE_FAMILY = "1,2";
				TEST_HOST = "$(BUILT_PRODUCTS_DIR)/YourBCABus.app/YourBCABus";
			};
			name = Debug;
		};
		4A113B35217A987100B7640E /* Release */ = {
			isa = XCBuildConfiguration;
			baseConfigurationReference = B8E7953EA58932F4E7E52919 /* Pods-YourBCABusTests.release.xcconfig */;
			buildSettings = {
				ALWAYS_EMBED_SWIFT_STANDARD_LIBRARIES = YES;
				BUNDLE_LOADER = "$(TEST_HOST)";
				CODE_SIGN_STYLE = Automatic;
				INFOPLIST_FILE = YourBCABusTests/Info.plist;
				LD_RUNPATH_SEARCH_PATHS = (
					"$(inherited)",
					"@executable_path/Frameworks",
					"@loader_path/Frameworks",
				);
				PRODUCT_BUNDLE_IDENTIFIER = com.yourbcabus.YourBCABusTests;
				PRODUCT_NAME = "$(TARGET_NAME)";
				SWIFT_VERSION = 4.2;
				TARGETED_DEVICE_FAMILY = "1,2";
				TEST_HOST = "$(BUILT_PRODUCTS_DIR)/YourBCABus.app/YourBCABus";
			};
			name = Release;
		};
		4A113B37217A987100B7640E /* Debug */ = {
			isa = XCBuildConfiguration;
			baseConfigurationReference = 6B5398EEA0CBDDEF93168D39 /* Pods-YourBCABusUITests.debug.xcconfig */;
			buildSettings = {
				ALWAYS_EMBED_SWIFT_STANDARD_LIBRARIES = YES;
				CODE_SIGN_STYLE = Automatic;
				INFOPLIST_FILE = YourBCABusUITests/Info.plist;
				LD_RUNPATH_SEARCH_PATHS = (
					"$(inherited)",
					"@executable_path/Frameworks",
					"@loader_path/Frameworks",
				);
				PRODUCT_BUNDLE_IDENTIFIER = com.yourbcabus.YourBCABusUITests;
				PRODUCT_NAME = "$(TARGET_NAME)";
				SWIFT_VERSION = 4.2;
				TARGETED_DEVICE_FAMILY = "1,2";
				TEST_TARGET_NAME = YourBCABus;
			};
			name = Debug;
		};
		4A113B38217A987100B7640E /* Release */ = {
			isa = XCBuildConfiguration;
			baseConfigurationReference = 4CFBF44AFBEE9A224C81F575 /* Pods-YourBCABusUITests.release.xcconfig */;
			buildSettings = {
				ALWAYS_EMBED_SWIFT_STANDARD_LIBRARIES = YES;
				CODE_SIGN_STYLE = Automatic;
				INFOPLIST_FILE = YourBCABusUITests/Info.plist;
				LD_RUNPATH_SEARCH_PATHS = (
					"$(inherited)",
					"@executable_path/Frameworks",
					"@loader_path/Frameworks",
				);
				PRODUCT_BUNDLE_IDENTIFIER = com.yourbcabus.YourBCABusUITests;
				PRODUCT_NAME = "$(TARGET_NAME)";
				SWIFT_VERSION = 4.2;
				TARGETED_DEVICE_FAMILY = "1,2";
				TEST_TARGET_NAME = YourBCABus;
			};
			name = Release;
		};
/* End XCBuildConfiguration section */

/* Begin XCConfigurationList section */
		4A113B01217A986E00B7640E /* Build configuration list for PBXProject "YourBCABus" */ = {
			isa = XCConfigurationList;
			buildConfigurations = (
				4A113B2E217A987100B7640E /* Debug */,
				4A113B2F217A987100B7640E /* Release */,
			);
			defaultConfigurationIsVisible = 0;
			defaultConfigurationName = Release;
		};
		4A113B30217A987100B7640E /* Build configuration list for PBXNativeTarget "YourBCABus" */ = {
			isa = XCConfigurationList;
			buildConfigurations = (
				4A113B31217A987100B7640E /* Debug */,
				4A113B32217A987100B7640E /* Release */,
			);
			defaultConfigurationIsVisible = 0;
			defaultConfigurationName = Release;
		};
		4A113B33217A987100B7640E /* Build configuration list for PBXNativeTarget "YourBCABusTests" */ = {
			isa = XCConfigurationList;
			buildConfigurations = (
				4A113B34217A987100B7640E /* Debug */,
				4A113B35217A987100B7640E /* Release */,
			);
			defaultConfigurationIsVisible = 0;
			defaultConfigurationName = Release;
		};
		4A113B36217A987100B7640E /* Build configuration list for PBXNativeTarget "YourBCABusUITests" */ = {
			isa = XCConfigurationList;
			buildConfigurations = (
				4A113B37217A987100B7640E /* Debug */,
				4A113B38217A987100B7640E /* Release */,
			);
			defaultConfigurationIsVisible = 0;
			defaultConfigurationName = Release;
		};
/* End XCConfigurationList section */
	};
	rootObject = 4A113AFE217A986E00B7640E /* Project object */;
}
